// !$*UTF8*$!
{
	archiveVersion = 1;
	classes = {
	};
	objectVersion = 46;
	objects = {

/* Begin PBXBuildFile section */
		AB8C71801A278BFE00BF31EA /* APIClient.m in Sources */ = {isa = PBXBuildFile; fileRef = AB8C717F1A278BFE00BF31EA /* APIClient.m */; };
		AB8C71921A278F4400BF31EA /* APIClientTests.m in Sources */ = {isa = PBXBuildFile; fileRef = AB8C71911A278F4400BF31EA /* APIClientTests.m */; };
		AB8C71961A27908700BF31EA /* TimelinePost.m in Sources */ = {isa = PBXBuildFile; fileRef = AB8C71951A27908700BF31EA /* TimelinePost.m */; };
		AB8C71A31A29CF2000BF31EA /* MoviePlayerManager.m in Sources */ = {isa = PBXBuildFile; fileRef = AB8C71A21A29CF2000BF31EA /* MoviePlayerManager.m */; };
		F5F08E755A9148C28EBECBC2 /* libPods.a in Frameworks */ = {isa = PBXBuildFile; fileRef = 302F477AE49444819704F22A /* libPods.a */; };
		FF0BE411193C47C2001A0053 /* SampleTableViewCell.m in Sources */ = {isa = PBXBuildFile; fileRef = FF0BE40F193C47C1001A0053 /* SampleTableViewCell.m */; };
		FF0BE412193C47C2001A0053 /* SampleTableViewCell.xib in Resources */ = {isa = PBXBuildFile; fileRef = FF0BE410193C47C1001A0053 /* SampleTableViewCell.xib */; };
		FF0BE44E193ED5A7001A0053 /* CoreData.framework in Frameworks */ = {isa = PBXBuildFile; fileRef = FF0BE44D193ED5A7001A0053 /* CoreData.framework */; };
		FF0BE450193ED5C5001A0053 /* CoreText.framework in Frameworks */ = {isa = PBXBuildFile; fileRef = FF0BE44F193ED5C5001A0053 /* CoreText.framework */; };
		FF0BE452193ED5CD001A0053 /* GLKit.framework in Frameworks */ = {isa = PBXBuildFile; fileRef = FF0BE451193ED5CD001A0053 /* GLKit.framework */; };
		FF0BE454193ED5D9001A0053 /* ImageIO.framework in Frameworks */ = {isa = PBXBuildFile; fileRef = FF0BE453193ED5D9001A0053 /* ImageIO.framework */; };
		FF0BE456193ED5E9001A0053 /* libc++.dylib in Frameworks */ = {isa = PBXBuildFile; fileRef = FF0BE455193ED5E9001A0053 /* libc++.dylib */; };
		FF0BE458193ED5F8001A0053 /* libicucore.dylib in Frameworks */ = {isa = PBXBuildFile; fileRef = FF0BE457193ED5F8001A0053 /* libicucore.dylib */; };
		FF0BE45A193ED61E001A0053 /* libz.dylib in Frameworks */ = {isa = PBXBuildFile; fileRef = FF0BE459193ED61E001A0053 /* libz.dylib */; };
		FF0BE45C193ED626001A0053 /* OpenGLES.framework in Frameworks */ = {isa = PBXBuildFile; fileRef = FF0BE45B193ED626001A0053 /* OpenGLES.framework */; };
		FF0BE45E193ED63E001A0053 /* SystemConfiguration.framework in Frameworks */ = {isa = PBXBuildFile; fileRef = FF0BE45D193ED63E001A0053 /* SystemConfiguration.framework */; };
		FF15E563191E0731007C34F7 /* everyTableViewController.m in Sources */ = {isa = PBXBuildFile; fileRef = FF15E562191E0731007C34F7 /* everyTableViewController.m */; };
		FF15E566191E0C2D007C34F7 /* TimelineTableViewController.m in Sources */ = {isa = PBXBuildFile; fileRef = FF15E565191E0C2D007C34F7 /* TimelineTableViewController.m */; };
		FF217CB819E60F0200AEB06E /* NullSafe.m in Sources */ = {isa = PBXBuildFile; fileRef = FF217CB719E60F0200AEB06E /* NullSafe.m */; };
		FF217CBC19E62D1200AEB06E /* EDStarRating.m in Sources */ = {isa = PBXBuildFile; fileRef = FF217CBB19E62D1200AEB06E /* EDStarRating.m */; };
		FF217CBF19E6571D00AEB06E /* usersTableViewController.m in Sources */ = {isa = PBXBuildFile; fileRef = FF217CBE19E6571D00AEB06E /* usersTableViewController.m */; };
		FF217CC319E657A600AEB06E /* Sample5TableViewCell.m in Sources */ = {isa = PBXBuildFile; fileRef = FF217CC119E657A600AEB06E /* Sample5TableViewCell.m */; };
		FF217CC419E657A600AEB06E /* Sample5TableViewCell.xib in Resources */ = {isa = PBXBuildFile; fileRef = FF217CC219E657A600AEB06E /* Sample5TableViewCell.xib */; };
		FF23D1DE19F0B50B008B7E5C /* SCImageDisplayerViewController.m in Sources */ = {isa = PBXBuildFile; fileRef = FF23D1D719F0B50B008B7E5C /* SCImageDisplayerViewController.m */; };
		FF23D1DF19F0B50B008B7E5C /* SCRecorderViewController.m in Sources */ = {isa = PBXBuildFile; fileRef = FF23D1D919F0B50B008B7E5C /* SCRecorderViewController.m */; };
		FF23D1E019F0B50B008B7E5C /* SCTouchDetector.m in Sources */ = {isa = PBXBuildFile; fileRef = FF23D1DB19F0B50B008B7E5C /* SCTouchDetector.m */; };
		FF23D1E119F0B50B008B7E5C /* SCVideoPlayerViewController.m in Sources */ = {isa = PBXBuildFile; fileRef = FF23D1DD19F0B50B008B7E5C /* SCVideoPlayerViewController.m */; };
		FF23D22B19F0B67F008B7E5C /* SCRecordSessionManager.m in Sources */ = {isa = PBXBuildFile; fileRef = FF23D22919F0B67F008B7E5C /* SCRecordSessionManager.m */; };
		FF2990C41A29809400FF4DDB /* usersTableViewController_other.m in Sources */ = {isa = PBXBuildFile; fileRef = FF2990C21A29809400FF4DDB /* usersTableViewController_other.m */; };
		FF2990C91A2980E000FF4DDB /* Sample5TableViewCell_other.m in Sources */ = {isa = PBXBuildFile; fileRef = FF2990C71A2980E000FF4DDB /* Sample5TableViewCell_other.m */; };
		FF2990CA1A2980E000FF4DDB /* Sample5TableViewCell_other.xib in Resources */ = {isa = PBXBuildFile; fileRef = FF2990C81A2980E000FF4DDB /* Sample5TableViewCell_other.xib */; };
		FF41DF4619BAF42100F3DD7B /* dsym_upload.sh in Resources */ = {isa = PBXBuildFile; fileRef = FF41DF4419BAF42100F3DD7B /* dsym_upload.sh */; };
		FF41DF4719BAF42100F3DD7B /* libCrittercism_v4_3_7.a in Frameworks */ = {isa = PBXBuildFile; fileRef = FF41DF4519BAF42100F3DD7B /* libCrittercism_v4_3_7.a */; };
		FF54EFE319149A1800025DC8 /* Foundation.framework in Frameworks */ = {isa = PBXBuildFile; fileRef = FF54EFE219149A1800025DC8 /* Foundation.framework */; };
		FF54EFE519149A1800025DC8 /* CoreGraphics.framework in Frameworks */ = {isa = PBXBuildFile; fileRef = FF54EFE419149A1800025DC8 /* CoreGraphics.framework */; };
		FF54EFE719149A1800025DC8 /* UIKit.framework in Frameworks */ = {isa = PBXBuildFile; fileRef = FF54EFE619149A1800025DC8 /* UIKit.framework */; };
		FF54EFED19149A1800025DC8 /* InfoPlist.strings in Resources */ = {isa = PBXBuildFile; fileRef = FF54EFEB19149A1800025DC8 /* InfoPlist.strings */; };
		FF54EFEF19149A1800025DC8 /* main.m in Sources */ = {isa = PBXBuildFile; fileRef = FF54EFEE19149A1800025DC8 /* main.m */; };
		FF54EFFB19149A1800025DC8 /* Images.xcassets in Resources */ = {isa = PBXBuildFile; fileRef = FF54EFFA19149A1800025DC8 /* Images.xcassets */; };
		FF54F01C1914B3C800025DC8 /* searchTableViewController.m in Sources */ = {isa = PBXBuildFile; fileRef = FF54F01B1914B3C800025DC8 /* searchTableViewController.m */; };
		FF54F01F1914B41500025DC8 /* RestaurantTableViewController.m in Sources */ = {isa = PBXBuildFile; fileRef = FF54F01E1914B41500025DC8 /* RestaurantTableViewController.m */; };
		FF5DDF7319E3D3C2000F2ABD /* MKAnnotationView+WebCache.m in Sources */ = {isa = PBXBuildFile; fileRef = FF5DDF5319E3D3C2000F2ABD /* MKAnnotationView+WebCache.m */; };
		FF5DDF7419E3D3C2000F2ABD /* NSData+ImageContentType.m in Sources */ = {isa = PBXBuildFile; fileRef = FF5DDF5519E3D3C2000F2ABD /* NSData+ImageContentType.m */; };
		FF5DDF7519E3D3C2000F2ABD /* SDImageCache.m in Sources */ = {isa = PBXBuildFile; fileRef = FF5DDF5719E3D3C2000F2ABD /* SDImageCache.m */; };
		FF5DDF7619E3D3C2000F2ABD /* SDWebImageCompat.m in Sources */ = {isa = PBXBuildFile; fileRef = FF5DDF5919E3D3C2000F2ABD /* SDWebImageCompat.m */; };
		FF5DDF7719E3D3C2000F2ABD /* SDWebImageDecoder.m in Sources */ = {isa = PBXBuildFile; fileRef = FF5DDF5B19E3D3C2000F2ABD /* SDWebImageDecoder.m */; };
		FF5DDF7819E3D3C2000F2ABD /* SDWebImageDownloader.m in Sources */ = {isa = PBXBuildFile; fileRef = FF5DDF5D19E3D3C2000F2ABD /* SDWebImageDownloader.m */; };
		FF5DDF7919E3D3C2000F2ABD /* SDWebImageDownloaderOperation.m in Sources */ = {isa = PBXBuildFile; fileRef = FF5DDF5F19E3D3C2000F2ABD /* SDWebImageDownloaderOperation.m */; };
		FF5DDF7A19E3D3C2000F2ABD /* SDWebImageManager.m in Sources */ = {isa = PBXBuildFile; fileRef = FF5DDF6119E3D3C2000F2ABD /* SDWebImageManager.m */; };
		FF5DDF7B19E3D3C2000F2ABD /* SDWebImagePrefetcher.m in Sources */ = {isa = PBXBuildFile; fileRef = FF5DDF6419E3D3C2000F2ABD /* SDWebImagePrefetcher.m */; };
		FF5DDF7C19E3D3C2000F2ABD /* UIButton+WebCache.m in Sources */ = {isa = PBXBuildFile; fileRef = FF5DDF6619E3D3C2000F2ABD /* UIButton+WebCache.m */; };
		FF5DDF7D19E3D3C2000F2ABD /* UIImage+GIF.m in Sources */ = {isa = PBXBuildFile; fileRef = FF5DDF6819E3D3C2000F2ABD /* UIImage+GIF.m */; };
		FF5DDF7E19E3D3C2000F2ABD /* UIImage+MultiFormat.m in Sources */ = {isa = PBXBuildFile; fileRef = FF5DDF6A19E3D3C2000F2ABD /* UIImage+MultiFormat.m */; };
		FF5DDF7F19E3D3C2000F2ABD /* UIImage+WebP.m in Sources */ = {isa = PBXBuildFile; fileRef = FF5DDF6C19E3D3C2000F2ABD /* UIImage+WebP.m */; };
		FF5DDF8019E3D3C2000F2ABD /* UIImageView+HighlightedWebCache.m in Sources */ = {isa = PBXBuildFile; fileRef = FF5DDF6E19E3D3C2000F2ABD /* UIImageView+HighlightedWebCache.m */; };
		FF5DDF8119E3D3C2000F2ABD /* UIImageView+WebCache.m in Sources */ = {isa = PBXBuildFile; fileRef = FF5DDF7019E3D3C2000F2ABD /* UIImageView+WebCache.m */; };
		FF5DDF8219E3D3C2000F2ABD /* UIView+WebCacheOperation.m in Sources */ = {isa = PBXBuildFile; fileRef = FF5DDF7219E3D3C2000F2ABD /* UIView+WebCacheOperation.m */; };
		FF648A3F1A2D81F0008987BB /* sample.mov in Resources */ = {isa = PBXBuildFile; fileRef = FF648A3E1A2D81F0008987BB /* sample.mov */; };
		FF6570E41A2B097F00E9CBA4 /* 3_5_inch.storyboard in Resources */ = {isa = PBXBuildFile; fileRef = FF6570E31A2B097F00E9CBA4 /* 3_5_inch.storyboard */; };
		FF6570E61A2B099F00E9CBA4 /* 4_7_inch.storyboard in Resources */ = {isa = PBXBuildFile; fileRef = FF6570E51A2B099F00E9CBA4 /* 4_7_inch.storyboard */; };
		FF6570E81A2B09B000E9CBA4 /* 5_5_inch.storyboard in Resources */ = {isa = PBXBuildFile; fileRef = FF6570E71A2B09B000E9CBA4 /* 5_5_inch.storyboard */; };
		FF66F91E19B5A58600B7E758 /* CustomAnnotation.m in Sources */ = {isa = PBXBuildFile; fileRef = FF66F91D19B5A58600B7E758 /* CustomAnnotation.m */; };
		FF79170919432CB800D351B6 /* CoreLocation.framework in Frameworks */ = {isa = PBXBuildFile; fileRef = FF8D84F719194F8B00939312 /* CoreLocation.framework */; };
		FF79170D19453FBD00D351B6 /* Sample2TableViewCell.m in Sources */ = {isa = PBXBuildFile; fileRef = FF79170B19453FBD00D351B6 /* Sample2TableViewCell.m */; };
		FF79170E19453FBD00D351B6 /* Sample2TableViewCell.xib in Resources */ = {isa = PBXBuildFile; fileRef = FF79170C19453FBD00D351B6 /* Sample2TableViewCell.xib */; };
		FF79171219457EAC00D351B6 /* Sample3TableViewCell.m in Sources */ = {isa = PBXBuildFile; fileRef = FF79171019457EAC00D351B6 /* Sample3TableViewCell.m */; };
		FF79171319457EAC00D351B6 /* Sample3TableViewCell.xib in Resources */ = {isa = PBXBuildFile; fileRef = FF79171119457EAC00D351B6 /* Sample3TableViewCell.xib */; };
		FF7917171946BB8E00D351B6 /* Sample4TableViewCell.m in Sources */ = {isa = PBXBuildFile; fileRef = FF7917151946BB8E00D351B6 /* Sample4TableViewCell.m */; };
		FF7917181946BB8E00D351B6 /* Sample4TableViewCell.xib in Resources */ = {isa = PBXBuildFile; fileRef = FF7917161946BB8E00D351B6 /* Sample4TableViewCell.xib */; };
		FF8D84F619194F8200939312 /* MapKit.framework in Frameworks */ = {isa = PBXBuildFile; fileRef = FF8D84F519194F8200939312 /* MapKit.framework */; };
		FF8F18B219F101EA00538DAC /* CIImageRendererUtils.m in Sources */ = {isa = PBXBuildFile; fileRef = FF8F189119F101EA00538DAC /* CIImageRendererUtils.m */; };
		FF8F18B319F101EA00538DAC /* SCArchivedVector.m in Sources */ = {isa = PBXBuildFile; fileRef = FF8F189319F101EA00538DAC /* SCArchivedVector.m */; };
		FF8F18B419F101EA00538DAC /* SCAssetExportSession.m in Sources */ = {isa = PBXBuildFile; fileRef = FF8F189519F101EA00538DAC /* SCAssetExportSession.m */; };
		FF8F18B519F101EA00538DAC /* SCAudioTools.m in Sources */ = {isa = PBXBuildFile; fileRef = FF8F189719F101EA00538DAC /* SCAudioTools.m */; };
		FF8F18B619F101EA00538DAC /* SCFilter.m in Sources */ = {isa = PBXBuildFile; fileRef = FF8F189A19F101EA00538DAC /* SCFilter.m */; };
		FF8F18B719F101EA00538DAC /* SCFilterGroup.m in Sources */ = {isa = PBXBuildFile; fileRef = FF8F189C19F101EA00538DAC /* SCFilterGroup.m */; };
		FF8F18B819F101EA00538DAC /* SCFilterSelectorView.m in Sources */ = {isa = PBXBuildFile; fileRef = FF8F189E19F101EA00538DAC /* SCFilterSelectorView.m */; };
		FF8F18B919F101EA00538DAC /* SCImageView.m in Sources */ = {isa = PBXBuildFile; fileRef = FF8F18A119F101EA00538DAC /* SCImageView.m */; };
		FF8F18BA19F101EA00538DAC /* SCPlayer.m in Sources */ = {isa = PBXBuildFile; fileRef = FF8F18A319F101EA00538DAC /* SCPlayer.m */; };
		FF8F18BB19F101EA00538DAC /* SCRecorder.m in Sources */ = {isa = PBXBuildFile; fileRef = FF8F18A519F101EA00538DAC /* SCRecorder.m */; };
		FF8F18BC19F101EA00538DAC /* SCRecorderFocusTargetView.m in Sources */ = {isa = PBXBuildFile; fileRef = FF8F18A719F101EA00538DAC /* SCRecorderFocusTargetView.m */; };
		FF8F18BD19F101EA00538DAC /* SCRecorderFocusView.m in Sources */ = {isa = PBXBuildFile; fileRef = FF8F18A919F101EA00538DAC /* SCRecorderFocusView.m */; };
		FF8F18BE19F101EA00538DAC /* SCRecordSession.m in Sources */ = {isa = PBXBuildFile; fileRef = FF8F18AB19F101EA00538DAC /* SCRecordSession.m */; };
		FF8F18BF19F101EA00538DAC /* SCSampleBufferHolder.m in Sources */ = {isa = PBXBuildFile; fileRef = FF8F18AD19F101EA00538DAC /* SCSampleBufferHolder.m */; };
		FF8F18C019F101EA00538DAC /* SCSwipeableFilterView.m in Sources */ = {isa = PBXBuildFile; fileRef = FF8F18AF19F101EA00538DAC /* SCSwipeableFilterView.m */; };
		FF8F18C119F101EA00538DAC /* SCVideoPlayerView.m in Sources */ = {isa = PBXBuildFile; fileRef = FF8F18B119F101EA00538DAC /* SCVideoPlayerView.m */; };
		FF97C433192470AE0025DD6A /* LoginViewController.m in Sources */ = {isa = PBXBuildFile; fileRef = FF97C432192470AE0025DD6A /* LoginViewController.m */; };
		FF97C43619247FD20025DD6A /* submitViewController.m in Sources */ = {isa = PBXBuildFile; fileRef = FF97C43519247FD20025DD6A /* submitViewController.m */; };
		FFA0E2DB19AEC0DF006269B4 /* AFNetworkActivityIndicatorManager.m in Sources */ = {isa = PBXBuildFile; fileRef = FFA0E2CB19AEC0DF006269B4 /* AFNetworkActivityIndicatorManager.m */; };
		FFA0E2DC19AEC0DF006269B4 /* UIActivityIndicatorView+AFNetworking.m in Sources */ = {isa = PBXBuildFile; fileRef = FFA0E2CD19AEC0DF006269B4 /* UIActivityIndicatorView+AFNetworking.m */; };
		FFA0E2DD19AEC0DF006269B4 /* UIAlertView+AFNetworking.m in Sources */ = {isa = PBXBuildFile; fileRef = FFA0E2CF19AEC0DF006269B4 /* UIAlertView+AFNetworking.m */; };
		FFA0E2DE19AEC0DF006269B4 /* UIButton+AFNetworking.m in Sources */ = {isa = PBXBuildFile; fileRef = FFA0E2D119AEC0DF006269B4 /* UIButton+AFNetworking.m */; };
		FFA0E2DF19AEC0DF006269B4 /* UIImageView+AFNetworking.m in Sources */ = {isa = PBXBuildFile; fileRef = FFA0E2D319AEC0DF006269B4 /* UIImageView+AFNetworking.m */; };
		FFA0E2E019AEC0DF006269B4 /* UIProgressView+AFNetworking.m in Sources */ = {isa = PBXBuildFile; fileRef = FFA0E2D619AEC0DF006269B4 /* UIProgressView+AFNetworking.m */; };
		FFA0E2E119AEC0DF006269B4 /* UIRefreshControl+AFNetworking.m in Sources */ = {isa = PBXBuildFile; fileRef = FFA0E2D819AEC0DF006269B4 /* UIRefreshControl+AFNetworking.m */; };
		FFA0E2E219AEC0DF006269B4 /* UIWebView+AFNetworking.m in Sources */ = {isa = PBXBuildFile; fileRef = FFA0E2DA19AEC0DF006269B4 /* UIWebView+AFNetworking.m */; };
		FFA0E2E819AED457006269B4 /* QuartzCore.framework in Frameworks */ = {isa = PBXBuildFile; fileRef = FF0BE423193CAB31001A0053 /* QuartzCore.framework */; };
		FFA1769D199133EE005BEE41 /* Security.framework in Frameworks */ = {isa = PBXBuildFile; fileRef = FFA1769C199133EE005BEE41 /* Security.framework */; };
		FFA1769F199133FE005BEE41 /* MobileCoreServices.framework in Frameworks */ = {isa = PBXBuildFile; fileRef = FFA1769E199133FE005BEE41 /* MobileCoreServices.framework */; };
		FFB92ED61997A06B008E024A /* AFHTTPRequestOperation.m in Sources */ = {isa = PBXBuildFile; fileRef = FFB92EC41997A06B008E024A /* AFHTTPRequestOperation.m */; };
		FFB92ED71997A06B008E024A /* AFHTTPRequestOperationManager.m in Sources */ = {isa = PBXBuildFile; fileRef = FFB92EC61997A06B008E024A /* AFHTTPRequestOperationManager.m */; };
		FFB92ED81997A06B008E024A /* AFHTTPSessionManager.m in Sources */ = {isa = PBXBuildFile; fileRef = FFB92EC81997A06B008E024A /* AFHTTPSessionManager.m */; };
		FFB92ED91997A06B008E024A /* AFNetworkReachabilityManager.m in Sources */ = {isa = PBXBuildFile; fileRef = FFB92ECB1997A06B008E024A /* AFNetworkReachabilityManager.m */; };
		FFB92EDA1997A06B008E024A /* AFSecurityPolicy.m in Sources */ = {isa = PBXBuildFile; fileRef = FFB92ECD1997A06B008E024A /* AFSecurityPolicy.m */; };
		FFB92EDB1997A06B008E024A /* AFURLConnectionOperation.m in Sources */ = {isa = PBXBuildFile; fileRef = FFB92ECF1997A06B008E024A /* AFURLConnectionOperation.m */; };
		FFB92EDC1997A06B008E024A /* AFURLRequestSerialization.m in Sources */ = {isa = PBXBuildFile; fileRef = FFB92ED11997A06B008E024A /* AFURLRequestSerialization.m */; };
		FFB92EDD1997A06B008E024A /* AFURLResponseSerialization.m in Sources */ = {isa = PBXBuildFile; fileRef = FFB92ED31997A06B008E024A /* AFURLResponseSerialization.m */; };
		FFB92EDE1997A06B008E024A /* AFURLSessionManager.m in Sources */ = {isa = PBXBuildFile; fileRef = FFB92ED51997A06B008E024A /* AFURLSessionManager.m */; };
		FFD5C86A196A6F91009E4F5A /* AssetsLibrary.framework in Frameworks */ = {isa = PBXBuildFile; fileRef = FFD5C869196A6F91009E4F5A /* AssetsLibrary.framework */; };
		FFDC02A41A1F7DFA009A787C /* SVProgressHUD.bundle in Resources */ = {isa = PBXBuildFile; fileRef = FFDC02A11A1F7DFA009A787C /* SVProgressHUD.bundle */; };
		FFDC02A51A1F7DFA009A787C /* SVProgressHUD.m in Sources */ = {isa = PBXBuildFile; fileRef = FFDC02A31A1F7DFA009A787C /* SVProgressHUD.m */; };
		FFE130D91943040600806B02 /* FacebookSDK.framework in Frameworks */ = {isa = PBXBuildFile; fileRef = FFE130D81943040500806B02 /* FacebookSDK.framework */; };
		FFF0225019E82C600007AB97 /* Main.storyboard in Resources */ = {isa = PBXBuildFile; fileRef = FFF0224F19E82C600007AB97 /* Main.storyboard */; };
		FFF16B9519528286002FC793 /* Parse.framework in Frameworks */ = {isa = PBXBuildFile; fileRef = FFF16B9419528286002FC793 /* Parse.framework */; };
		FFFC8907198DFD20008DC584 /* AppDelegate.m in Sources */ = {isa = PBXBuildFile; fileRef = FF54EFF219149A1800025DC8 /* AppDelegate.m */; };
/* End PBXBuildFile section */

/* Begin PBXContainerItemProxy section */
		AB8C718B1A278D8C00BF31EA /* PBXContainerItemProxy */ = {
			isa = PBXContainerItemProxy;
			containerPortal = FF54EFD719149A1800025DC8 /* Project object */;
			proxyType = 1;
			remoteGlobalIDString = FF54EFDE19149A1800025DC8;
			remoteInfo = Gocci;
		};
/* End PBXContainerItemProxy section */

/* Begin PBXFileReference section */
		302F477AE49444819704F22A /* libPods.a */ = {isa = PBXFileReference; explicitFileType = archive.ar; includeInIndex = 0; path = libPods.a; sourceTree = BUILT_PRODUCTS_DIR; };
		AB8C717E1A278BFE00BF31EA /* APIClient.h */ = {isa = PBXFileReference; fileEncoding = 4; lastKnownFileType = sourcecode.c.h; name = APIClient.h; path = Model/APIClient.h; sourceTree = "<group>"; };
		AB8C717F1A278BFE00BF31EA /* APIClient.m */ = {isa = PBXFileReference; fileEncoding = 4; lastKnownFileType = sourcecode.c.objc; name = APIClient.m; path = Model/APIClient.m; sourceTree = "<group>"; };
		AB8C71851A278D8C00BF31EA /* GocciUnitTests.xctest */ = {isa = PBXFileReference; explicitFileType = wrapper.cfbundle; includeInIndex = 0; path = GocciUnitTests.xctest; sourceTree = BUILT_PRODUCTS_DIR; };
		AB8C71881A278D8C00BF31EA /* Info.plist */ = {isa = PBXFileReference; lastKnownFileType = text.plist.xml; path = Info.plist; sourceTree = "<group>"; };
		AB8C71911A278F4400BF31EA /* APIClientTests.m */ = {isa = PBXFileReference; fileEncoding = 4; lastKnownFileType = sourcecode.c.objc; path = APIClientTests.m; sourceTree = "<group>"; };
		AB8C71941A27908700BF31EA /* TimelinePost.h */ = {isa = PBXFileReference; fileEncoding = 4; lastKnownFileType = sourcecode.c.h; name = TimelinePost.h; path = Model/TimelinePost.h; sourceTree = "<group>"; };
		AB8C71951A27908700BF31EA /* TimelinePost.m */ = {isa = PBXFileReference; fileEncoding = 4; lastKnownFileType = sourcecode.c.objc; name = TimelinePost.m; path = Model/TimelinePost.m; sourceTree = "<group>"; };
		AB8C71A11A29CF2000BF31EA /* MoviePlayerManager.h */ = {isa = PBXFileReference; fileEncoding = 4; lastKnownFileType = sourcecode.c.h; name = MoviePlayerManager.h; path = Model/MoviePlayerManager.h; sourceTree = "<group>"; };
		AB8C71A21A29CF2000BF31EA /* MoviePlayerManager.m */ = {isa = PBXFileReference; fileEncoding = 4; lastKnownFileType = sourcecode.c.objc; name = MoviePlayerManager.m; path = Model/MoviePlayerManager.m; sourceTree = "<group>"; };
		BB00E8338B25450F8181FC74 /* Pods.xcconfig */ = {isa = PBXFileReference; includeInIndex = 1; lastKnownFileType = text.xcconfig; name = Pods.xcconfig; path = Pods/Pods.xcconfig; sourceTree = "<group>"; };
		FF0BE40E193C47C1001A0053 /* SampleTableViewCell.h */ = {isa = PBXFileReference; fileEncoding = 4; lastKnownFileType = sourcecode.c.h; path = SampleTableViewCell.h; sourceTree = "<group>"; };
		FF0BE40F193C47C1001A0053 /* SampleTableViewCell.m */ = {isa = PBXFileReference; fileEncoding = 4; lastKnownFileType = sourcecode.c.objc; path = SampleTableViewCell.m; sourceTree = "<group>"; };
		FF0BE410193C47C1001A0053 /* SampleTableViewCell.xib */ = {isa = PBXFileReference; fileEncoding = 4; lastKnownFileType = file.xib; path = SampleTableViewCell.xib; sourceTree = "<group>"; };
		FF0BE423193CAB31001A0053 /* QuartzCore.framework */ = {isa = PBXFileReference; lastKnownFileType = wrapper.framework; name = QuartzCore.framework; path = System/Library/Frameworks/QuartzCore.framework; sourceTree = SDKROOT; };
		FF0BE44B193ED59E001A0053 /* AVFoundation.framework */ = {isa = PBXFileReference; lastKnownFileType = wrapper.framework; name = AVFoundation.framework; path = System/Library/Frameworks/AVFoundation.framework; sourceTree = SDKROOT; };
		FF0BE44D193ED5A7001A0053 /* CoreData.framework */ = {isa = PBXFileReference; lastKnownFileType = wrapper.framework; name = CoreData.framework; path = System/Library/Frameworks/CoreData.framework; sourceTree = SDKROOT; };
		FF0BE44F193ED5C5001A0053 /* CoreText.framework */ = {isa = PBXFileReference; lastKnownFileType = wrapper.framework; name = CoreText.framework; path = System/Library/Frameworks/CoreText.framework; sourceTree = SDKROOT; };
		FF0BE451193ED5CD001A0053 /* GLKit.framework */ = {isa = PBXFileReference; lastKnownFileType = wrapper.framework; name = GLKit.framework; path = System/Library/Frameworks/GLKit.framework; sourceTree = SDKROOT; };
		FF0BE453193ED5D9001A0053 /* ImageIO.framework */ = {isa = PBXFileReference; lastKnownFileType = wrapper.framework; name = ImageIO.framework; path = System/Library/Frameworks/ImageIO.framework; sourceTree = SDKROOT; };
		FF0BE455193ED5E9001A0053 /* libc++.dylib */ = {isa = PBXFileReference; lastKnownFileType = "compiled.mach-o.dylib"; name = "libc++.dylib"; path = "usr/lib/libc++.dylib"; sourceTree = SDKROOT; };
		FF0BE457193ED5F8001A0053 /* libicucore.dylib */ = {isa = PBXFileReference; lastKnownFileType = "compiled.mach-o.dylib"; name = libicucore.dylib; path = usr/lib/libicucore.dylib; sourceTree = SDKROOT; };
		FF0BE459193ED61E001A0053 /* libz.dylib */ = {isa = PBXFileReference; lastKnownFileType = "compiled.mach-o.dylib"; name = libz.dylib; path = usr/lib/libz.dylib; sourceTree = SDKROOT; };
		FF0BE45B193ED626001A0053 /* OpenGLES.framework */ = {isa = PBXFileReference; lastKnownFileType = wrapper.framework; name = OpenGLES.framework; path = System/Library/Frameworks/OpenGLES.framework; sourceTree = SDKROOT; };
		FF0BE45D193ED63E001A0053 /* SystemConfiguration.framework */ = {isa = PBXFileReference; lastKnownFileType = wrapper.framework; name = SystemConfiguration.framework; path = System/Library/Frameworks/SystemConfiguration.framework; sourceTree = SDKROOT; };
		FF15E561191E0731007C34F7 /* everyTableViewController.h */ = {isa = PBXFileReference; fileEncoding = 4; lastKnownFileType = sourcecode.c.h; path = everyTableViewController.h; sourceTree = "<group>"; };
		FF15E562191E0731007C34F7 /* everyTableViewController.m */ = {isa = PBXFileReference; fileEncoding = 4; lastKnownFileType = sourcecode.c.objc; path = everyTableViewController.m; sourceTree = "<group>"; };
		FF15E564191E0C2D007C34F7 /* TimelineTableViewController.h */ = {isa = PBXFileReference; fileEncoding = 4; lastKnownFileType = sourcecode.c.h; path = TimelineTableViewController.h; sourceTree = "<group>"; };
		FF15E565191E0C2D007C34F7 /* TimelineTableViewController.m */ = {isa = PBXFileReference; fileEncoding = 4; lastKnownFileType = sourcecode.c.objc; path = TimelineTableViewController.m; sourceTree = "<group>"; };
		FF217CB719E60F0200AEB06E /* NullSafe.m */ = {isa = PBXFileReference; fileEncoding = 4; lastKnownFileType = sourcecode.c.objc; path = NullSafe.m; sourceTree = "<group>"; };
		FF217CBA19E62D1200AEB06E /* EDStarRating.h */ = {isa = PBXFileReference; fileEncoding = 4; lastKnownFileType = sourcecode.c.h; path = EDStarRating.h; sourceTree = "<group>"; };
		FF217CBB19E62D1200AEB06E /* EDStarRating.m */ = {isa = PBXFileReference; fileEncoding = 4; lastKnownFileType = sourcecode.c.objc; path = EDStarRating.m; sourceTree = "<group>"; };
		FF217CBD19E6571D00AEB06E /* usersTableViewController.h */ = {isa = PBXFileReference; fileEncoding = 4; lastKnownFileType = sourcecode.c.h; path = usersTableViewController.h; sourceTree = "<group>"; };
		FF217CBE19E6571D00AEB06E /* usersTableViewController.m */ = {isa = PBXFileReference; fileEncoding = 4; lastKnownFileType = sourcecode.c.objc; path = usersTableViewController.m; sourceTree = "<group>"; };
		FF217CC019E657A600AEB06E /* Sample5TableViewCell.h */ = {isa = PBXFileReference; fileEncoding = 4; lastKnownFileType = sourcecode.c.h; path = Sample5TableViewCell.h; sourceTree = "<group>"; };
		FF217CC119E657A600AEB06E /* Sample5TableViewCell.m */ = {isa = PBXFileReference; fileEncoding = 4; lastKnownFileType = sourcecode.c.objc; path = Sample5TableViewCell.m; sourceTree = "<group>"; };
		FF217CC219E657A600AEB06E /* Sample5TableViewCell.xib */ = {isa = PBXFileReference; fileEncoding = 4; lastKnownFileType = file.xib; path = Sample5TableViewCell.xib; sourceTree = "<group>"; };
		FF23D1D619F0B50B008B7E5C /* SCImageDisplayerViewController.h */ = {isa = PBXFileReference; fileEncoding = 4; lastKnownFileType = sourcecode.c.h; path = SCImageDisplayerViewController.h; sourceTree = "<group>"; };
		FF23D1D719F0B50B008B7E5C /* SCImageDisplayerViewController.m */ = {isa = PBXFileReference; fileEncoding = 4; lastKnownFileType = sourcecode.c.objc; path = SCImageDisplayerViewController.m; sourceTree = "<group>"; };
		FF23D1D819F0B50B008B7E5C /* SCRecorderViewController.h */ = {isa = PBXFileReference; fileEncoding = 4; lastKnownFileType = sourcecode.c.h; path = SCRecorderViewController.h; sourceTree = "<group>"; };
		FF23D1D919F0B50B008B7E5C /* SCRecorderViewController.m */ = {isa = PBXFileReference; fileEncoding = 4; lastKnownFileType = sourcecode.c.objc; path = SCRecorderViewController.m; sourceTree = "<group>"; };
		FF23D1DA19F0B50B008B7E5C /* SCTouchDetector.h */ = {isa = PBXFileReference; fileEncoding = 4; lastKnownFileType = sourcecode.c.h; path = SCTouchDetector.h; sourceTree = "<group>"; };
		FF23D1DB19F0B50B008B7E5C /* SCTouchDetector.m */ = {isa = PBXFileReference; fileEncoding = 4; lastKnownFileType = sourcecode.c.objc; path = SCTouchDetector.m; sourceTree = "<group>"; };
		FF23D1DC19F0B50B008B7E5C /* SCVideoPlayerViewController.h */ = {isa = PBXFileReference; fileEncoding = 4; lastKnownFileType = sourcecode.c.h; path = SCVideoPlayerViewController.h; sourceTree = "<group>"; };
		FF23D1DD19F0B50B008B7E5C /* SCVideoPlayerViewController.m */ = {isa = PBXFileReference; fileEncoding = 4; lastKnownFileType = sourcecode.c.objc; path = SCVideoPlayerViewController.m; sourceTree = "<group>"; };
		FF23D22919F0B67F008B7E5C /* SCRecordSessionManager.m */ = {isa = PBXFileReference; fileEncoding = 4; lastKnownFileType = sourcecode.c.objc; path = SCRecordSessionManager.m; sourceTree = "<group>"; };
		FF23D22A19F0B67F008B7E5C /* SCRecordSessionManager.h */ = {isa = PBXFileReference; fileEncoding = 4; lastKnownFileType = sourcecode.c.h; path = SCRecordSessionManager.h; sourceTree = "<group>"; };
		FF2990C11A29809400FF4DDB /* usersTableViewController_other.h */ = {isa = PBXFileReference; fileEncoding = 4; lastKnownFileType = sourcecode.c.h; path = usersTableViewController_other.h; sourceTree = "<group>"; };
		FF2990C21A29809400FF4DDB /* usersTableViewController_other.m */ = {isa = PBXFileReference; fileEncoding = 4; lastKnownFileType = sourcecode.c.objc; path = usersTableViewController_other.m; sourceTree = "<group>"; };
		FF2990C61A2980DF00FF4DDB /* Sample5TableViewCell_other.h */ = {isa = PBXFileReference; fileEncoding = 4; lastKnownFileType = sourcecode.c.h; path = Sample5TableViewCell_other.h; sourceTree = "<group>"; };
		FF2990C71A2980E000FF4DDB /* Sample5TableViewCell_other.m */ = {isa = PBXFileReference; fileEncoding = 4; lastKnownFileType = sourcecode.c.objc; path = Sample5TableViewCell_other.m; sourceTree = "<group>"; };
		FF2990C81A2980E000FF4DDB /* Sample5TableViewCell_other.xib */ = {isa = PBXFileReference; fileEncoding = 4; lastKnownFileType = file.xib; path = Sample5TableViewCell_other.xib; sourceTree = "<group>"; };
		FF41DF4119BAF42100F3DD7B /* CRFilter.h */ = {isa = PBXFileReference; fileEncoding = 4; lastKnownFileType = sourcecode.c.h; path = CRFilter.h; sourceTree = "<group>"; };
		FF41DF4219BAF42100F3DD7B /* Crittercism.h */ = {isa = PBXFileReference; fileEncoding = 4; lastKnownFileType = sourcecode.c.h; path = Crittercism.h; sourceTree = "<group>"; };
		FF41DF4319BAF42100F3DD7B /* CrittercismDelegate.h */ = {isa = PBXFileReference; fileEncoding = 4; lastKnownFileType = sourcecode.c.h; path = CrittercismDelegate.h; sourceTree = "<group>"; };
		FF41DF4419BAF42100F3DD7B /* dsym_upload.sh */ = {isa = PBXFileReference; fileEncoding = 4; lastKnownFileType = text.script.sh; path = dsym_upload.sh; sourceTree = "<group>"; };
		FF41DF4519BAF42100F3DD7B /* libCrittercism_v4_3_7.a */ = {isa = PBXFileReference; lastKnownFileType = archive.ar; path = libCrittercism_v4_3_7.a; sourceTree = "<group>"; };
		FF4BF521194847B90099B01D /* MediaPlayer.framework */ = {isa = PBXFileReference; lastKnownFileType = wrapper.framework; name = MediaPlayer.framework; path = System/Library/Frameworks/MediaPlayer.framework; sourceTree = SDKROOT; };
		FF54EFDF19149A1800025DC8 /* Gocci.app */ = {isa = PBXFileReference; explicitFileType = wrapper.application; includeInIndex = 0; path = Gocci.app; sourceTree = BUILT_PRODUCTS_DIR; };
		FF54EFE219149A1800025DC8 /* Foundation.framework */ = {isa = PBXFileReference; lastKnownFileType = wrapper.framework; name = Foundation.framework; path = System/Library/Frameworks/Foundation.framework; sourceTree = SDKROOT; };
		FF54EFE419149A1800025DC8 /* CoreGraphics.framework */ = {isa = PBXFileReference; lastKnownFileType = wrapper.framework; name = CoreGraphics.framework; path = System/Library/Frameworks/CoreGraphics.framework; sourceTree = SDKROOT; };
		FF54EFE619149A1800025DC8 /* UIKit.framework */ = {isa = PBXFileReference; lastKnownFileType = wrapper.framework; name = UIKit.framework; path = System/Library/Frameworks/UIKit.framework; sourceTree = SDKROOT; };
		FF54EFEA19149A1800025DC8 /* Gocci-Info.plist */ = {isa = PBXFileReference; lastKnownFileType = text.plist.xml; path = "Gocci-Info.plist"; sourceTree = "<group>"; };
		FF54EFEC19149A1800025DC8 /* en */ = {isa = PBXFileReference; lastKnownFileType = text.plist.strings; name = en; path = en.lproj/InfoPlist.strings; sourceTree = "<group>"; };
		FF54EFEE19149A1800025DC8 /* main.m */ = {isa = PBXFileReference; lastKnownFileType = sourcecode.c.objc; path = main.m; sourceTree = "<group>"; };
		FF54EFF019149A1800025DC8 /* Gocci-Prefix.pch */ = {isa = PBXFileReference; lastKnownFileType = sourcecode.c.h; path = "Gocci-Prefix.pch"; sourceTree = "<group>"; };
		FF54EFF119149A1800025DC8 /* AppDelegate.h */ = {isa = PBXFileReference; lastKnownFileType = sourcecode.c.h; path = AppDelegate.h; sourceTree = "<group>"; };
		FF54EFF219149A1800025DC8 /* AppDelegate.m */ = {isa = PBXFileReference; lastKnownFileType = sourcecode.c.objc; path = AppDelegate.m; sourceTree = "<group>"; };
		FF54EFFA19149A1800025DC8 /* Images.xcassets */ = {isa = PBXFileReference; lastKnownFileType = folder.assetcatalog; path = Images.xcassets; sourceTree = "<group>"; };
		FF54F01A1914B3C800025DC8 /* searchTableViewController.h */ = {isa = PBXFileReference; fileEncoding = 4; lastKnownFileType = sourcecode.c.h; path = searchTableViewController.h; sourceTree = "<group>"; };
		FF54F01B1914B3C800025DC8 /* searchTableViewController.m */ = {isa = PBXFileReference; fileEncoding = 4; lastKnownFileType = sourcecode.c.objc; path = searchTableViewController.m; sourceTree = "<group>"; };
		FF54F01D1914B41500025DC8 /* RestaurantTableViewController.h */ = {isa = PBXFileReference; fileEncoding = 4; lastKnownFileType = sourcecode.c.h; path = RestaurantTableViewController.h; sourceTree = "<group>"; };
		FF54F01E1914B41500025DC8 /* RestaurantTableViewController.m */ = {isa = PBXFileReference; fileEncoding = 4; lastKnownFileType = sourcecode.c.objc; path = RestaurantTableViewController.m; sourceTree = "<group>"; };
		FF5DDF5219E3D3C2000F2ABD /* MKAnnotationView+WebCache.h */ = {isa = PBXFileReference; fileEncoding = 4; lastKnownFileType = sourcecode.c.h; path = "MKAnnotationView+WebCache.h"; sourceTree = "<group>"; };
		FF5DDF5319E3D3C2000F2ABD /* MKAnnotationView+WebCache.m */ = {isa = PBXFileReference; fileEncoding = 4; lastKnownFileType = sourcecode.c.objc; path = "MKAnnotationView+WebCache.m"; sourceTree = "<group>"; };
		FF5DDF5419E3D3C2000F2ABD /* NSData+ImageContentType.h */ = {isa = PBXFileReference; fileEncoding = 4; lastKnownFileType = sourcecode.c.h; path = "NSData+ImageContentType.h"; sourceTree = "<group>"; };
		FF5DDF5519E3D3C2000F2ABD /* NSData+ImageContentType.m */ = {isa = PBXFileReference; fileEncoding = 4; lastKnownFileType = sourcecode.c.objc; path = "NSData+ImageContentType.m"; sourceTree = "<group>"; };
		FF5DDF5619E3D3C2000F2ABD /* SDImageCache.h */ = {isa = PBXFileReference; fileEncoding = 4; lastKnownFileType = sourcecode.c.h; path = SDImageCache.h; sourceTree = "<group>"; };
		FF5DDF5719E3D3C2000F2ABD /* SDImageCache.m */ = {isa = PBXFileReference; fileEncoding = 4; lastKnownFileType = sourcecode.c.objc; path = SDImageCache.m; sourceTree = "<group>"; };
		FF5DDF5819E3D3C2000F2ABD /* SDWebImageCompat.h */ = {isa = PBXFileReference; fileEncoding = 4; lastKnownFileType = sourcecode.c.h; path = SDWebImageCompat.h; sourceTree = "<group>"; };
		FF5DDF5919E3D3C2000F2ABD /* SDWebImageCompat.m */ = {isa = PBXFileReference; fileEncoding = 4; lastKnownFileType = sourcecode.c.objc; path = SDWebImageCompat.m; sourceTree = "<group>"; };
		FF5DDF5A19E3D3C2000F2ABD /* SDWebImageDecoder.h */ = {isa = PBXFileReference; fileEncoding = 4; lastKnownFileType = sourcecode.c.h; path = SDWebImageDecoder.h; sourceTree = "<group>"; };
		FF5DDF5B19E3D3C2000F2ABD /* SDWebImageDecoder.m */ = {isa = PBXFileReference; fileEncoding = 4; lastKnownFileType = sourcecode.c.objc; path = SDWebImageDecoder.m; sourceTree = "<group>"; };
		FF5DDF5C19E3D3C2000F2ABD /* SDWebImageDownloader.h */ = {isa = PBXFileReference; fileEncoding = 4; lastKnownFileType = sourcecode.c.h; path = SDWebImageDownloader.h; sourceTree = "<group>"; };
		FF5DDF5D19E3D3C2000F2ABD /* SDWebImageDownloader.m */ = {isa = PBXFileReference; fileEncoding = 4; lastKnownFileType = sourcecode.c.objc; path = SDWebImageDownloader.m; sourceTree = "<group>"; };
		FF5DDF5E19E3D3C2000F2ABD /* SDWebImageDownloaderOperation.h */ = {isa = PBXFileReference; fileEncoding = 4; lastKnownFileType = sourcecode.c.h; path = SDWebImageDownloaderOperation.h; sourceTree = "<group>"; };
		FF5DDF5F19E3D3C2000F2ABD /* SDWebImageDownloaderOperation.m */ = {isa = PBXFileReference; fileEncoding = 4; lastKnownFileType = sourcecode.c.objc; path = SDWebImageDownloaderOperation.m; sourceTree = "<group>"; };
		FF5DDF6019E3D3C2000F2ABD /* SDWebImageManager.h */ = {isa = PBXFileReference; fileEncoding = 4; lastKnownFileType = sourcecode.c.h; path = SDWebImageManager.h; sourceTree = "<group>"; };
		FF5DDF6119E3D3C2000F2ABD /* SDWebImageManager.m */ = {isa = PBXFileReference; fileEncoding = 4; lastKnownFileType = sourcecode.c.objc; path = SDWebImageManager.m; sourceTree = "<group>"; };
		FF5DDF6219E3D3C2000F2ABD /* SDWebImageOperation.h */ = {isa = PBXFileReference; fileEncoding = 4; lastKnownFileType = sourcecode.c.h; path = SDWebImageOperation.h; sourceTree = "<group>"; };
		FF5DDF6319E3D3C2000F2ABD /* SDWebImagePrefetcher.h */ = {isa = PBXFileReference; fileEncoding = 4; lastKnownFileType = sourcecode.c.h; path = SDWebImagePrefetcher.h; sourceTree = "<group>"; };
		FF5DDF6419E3D3C2000F2ABD /* SDWebImagePrefetcher.m */ = {isa = PBXFileReference; fileEncoding = 4; lastKnownFileType = sourcecode.c.objc; path = SDWebImagePrefetcher.m; sourceTree = "<group>"; };
		FF5DDF6519E3D3C2000F2ABD /* UIButton+WebCache.h */ = {isa = PBXFileReference; fileEncoding = 4; lastKnownFileType = sourcecode.c.h; path = "UIButton+WebCache.h"; sourceTree = "<group>"; };
		FF5DDF6619E3D3C2000F2ABD /* UIButton+WebCache.m */ = {isa = PBXFileReference; fileEncoding = 4; lastKnownFileType = sourcecode.c.objc; path = "UIButton+WebCache.m"; sourceTree = "<group>"; };
		FF5DDF6719E3D3C2000F2ABD /* UIImage+GIF.h */ = {isa = PBXFileReference; fileEncoding = 4; lastKnownFileType = sourcecode.c.h; path = "UIImage+GIF.h"; sourceTree = "<group>"; };
		FF5DDF6819E3D3C2000F2ABD /* UIImage+GIF.m */ = {isa = PBXFileReference; fileEncoding = 4; lastKnownFileType = sourcecode.c.objc; path = "UIImage+GIF.m"; sourceTree = "<group>"; };
		FF5DDF6919E3D3C2000F2ABD /* UIImage+MultiFormat.h */ = {isa = PBXFileReference; fileEncoding = 4; lastKnownFileType = sourcecode.c.h; path = "UIImage+MultiFormat.h"; sourceTree = "<group>"; };
		FF5DDF6A19E3D3C2000F2ABD /* UIImage+MultiFormat.m */ = {isa = PBXFileReference; fileEncoding = 4; lastKnownFileType = sourcecode.c.objc; path = "UIImage+MultiFormat.m"; sourceTree = "<group>"; };
		FF5DDF6B19E3D3C2000F2ABD /* UIImage+WebP.h */ = {isa = PBXFileReference; fileEncoding = 4; lastKnownFileType = sourcecode.c.h; path = "UIImage+WebP.h"; sourceTree = "<group>"; };
		FF5DDF6C19E3D3C2000F2ABD /* UIImage+WebP.m */ = {isa = PBXFileReference; fileEncoding = 4; lastKnownFileType = sourcecode.c.objc; path = "UIImage+WebP.m"; sourceTree = "<group>"; };
		FF5DDF6D19E3D3C2000F2ABD /* UIImageView+HighlightedWebCache.h */ = {isa = PBXFileReference; fileEncoding = 4; lastKnownFileType = sourcecode.c.h; path = "UIImageView+HighlightedWebCache.h"; sourceTree = "<group>"; };
		FF5DDF6E19E3D3C2000F2ABD /* UIImageView+HighlightedWebCache.m */ = {isa = PBXFileReference; fileEncoding = 4; lastKnownFileType = sourcecode.c.objc; path = "UIImageView+HighlightedWebCache.m"; sourceTree = "<group>"; };
		FF5DDF6F19E3D3C2000F2ABD /* UIImageView+WebCache.h */ = {isa = PBXFileReference; fileEncoding = 4; lastKnownFileType = sourcecode.c.h; path = "UIImageView+WebCache.h"; sourceTree = "<group>"; };
		FF5DDF7019E3D3C2000F2ABD /* UIImageView+WebCache.m */ = {isa = PBXFileReference; fileEncoding = 4; lastKnownFileType = sourcecode.c.objc; path = "UIImageView+WebCache.m"; sourceTree = "<group>"; };
		FF5DDF7119E3D3C2000F2ABD /* UIView+WebCacheOperation.h */ = {isa = PBXFileReference; fileEncoding = 4; lastKnownFileType = sourcecode.c.h; path = "UIView+WebCacheOperation.h"; sourceTree = "<group>"; };
		FF5DDF7219E3D3C2000F2ABD /* UIView+WebCacheOperation.m */ = {isa = PBXFileReference; fileEncoding = 4; lastKnownFileType = sourcecode.c.objc; path = "UIView+WebCacheOperation.m"; sourceTree = "<group>"; };
		FF648A3E1A2D81F0008987BB /* sample.mov */ = {isa = PBXFileReference; lastKnownFileType = video.quicktime; path = sample.mov; sourceTree = "<group>"; };
		FF6570E31A2B097F00E9CBA4 /* 3_5_inch.storyboard */ = {isa = PBXFileReference; fileEncoding = 4; lastKnownFileType = file.storyboard; path = 3_5_inch.storyboard; sourceTree = "<group>"; };
		FF6570E51A2B099F00E9CBA4 /* 4_7_inch.storyboard */ = {isa = PBXFileReference; fileEncoding = 4; lastKnownFileType = file.storyboard; path = 4_7_inch.storyboard; sourceTree = "<group>"; };
		FF6570E71A2B09B000E9CBA4 /* 5_5_inch.storyboard */ = {isa = PBXFileReference; fileEncoding = 4; lastKnownFileType = file.storyboard; path = 5_5_inch.storyboard; sourceTree = "<group>"; };
		FF66F91C19B5A58600B7E758 /* CustomAnnotation.h */ = {isa = PBXFileReference; fileEncoding = 4; lastKnownFileType = sourcecode.c.h; name = CustomAnnotation.h; path = objc/CustomAnnotation.h; sourceTree = "<group>"; };
		FF66F91D19B5A58600B7E758 /* CustomAnnotation.m */ = {isa = PBXFileReference; fileEncoding = 4; lastKnownFileType = sourcecode.c.objc; name = CustomAnnotation.m; path = objc/CustomAnnotation.m; sourceTree = "<group>"; };
		FF79170A19453FBD00D351B6 /* Sample2TableViewCell.h */ = {isa = PBXFileReference; fileEncoding = 4; lastKnownFileType = sourcecode.c.h; path = Sample2TableViewCell.h; sourceTree = "<group>"; };
		FF79170B19453FBD00D351B6 /* Sample2TableViewCell.m */ = {isa = PBXFileReference; fileEncoding = 4; lastKnownFileType = sourcecode.c.objc; path = Sample2TableViewCell.m; sourceTree = "<group>"; };
		FF79170C19453FBD00D351B6 /* Sample2TableViewCell.xib */ = {isa = PBXFileReference; fileEncoding = 4; lastKnownFileType = file.xib; path = Sample2TableViewCell.xib; sourceTree = "<group>"; };
		FF79170F19457EAC00D351B6 /* Sample3TableViewCell.h */ = {isa = PBXFileReference; fileEncoding = 4; lastKnownFileType = sourcecode.c.h; path = Sample3TableViewCell.h; sourceTree = "<group>"; };
		FF79171019457EAC00D351B6 /* Sample3TableViewCell.m */ = {isa = PBXFileReference; fileEncoding = 4; lastKnownFileType = sourcecode.c.objc; path = Sample3TableViewCell.m; sourceTree = "<group>"; };
		FF79171119457EAC00D351B6 /* Sample3TableViewCell.xib */ = {isa = PBXFileReference; fileEncoding = 4; lastKnownFileType = file.xib; path = Sample3TableViewCell.xib; sourceTree = "<group>"; };
		FF7917141946BB8E00D351B6 /* Sample4TableViewCell.h */ = {isa = PBXFileReference; fileEncoding = 4; lastKnownFileType = sourcecode.c.h; path = Sample4TableViewCell.h; sourceTree = "<group>"; };
		FF7917151946BB8E00D351B6 /* Sample4TableViewCell.m */ = {isa = PBXFileReference; fileEncoding = 4; lastKnownFileType = sourcecode.c.objc; path = Sample4TableViewCell.m; sourceTree = "<group>"; };
		FF7917161946BB8E00D351B6 /* Sample4TableViewCell.xib */ = {isa = PBXFileReference; fileEncoding = 4; lastKnownFileType = file.xib; path = Sample4TableViewCell.xib; sourceTree = "<group>"; };
		FF8D84F519194F8200939312 /* MapKit.framework */ = {isa = PBXFileReference; lastKnownFileType = wrapper.framework; name = MapKit.framework; path = System/Library/Frameworks/MapKit.framework; sourceTree = SDKROOT; };
		FF8D84F719194F8B00939312 /* CoreLocation.framework */ = {isa = PBXFileReference; lastKnownFileType = wrapper.framework; name = CoreLocation.framework; path = System/Library/Frameworks/CoreLocation.framework; sourceTree = SDKROOT; };
		FF8F188F19F101EA00538DAC /* CIImageRenderer.h */ = {isa = PBXFileReference; fileEncoding = 4; lastKnownFileType = sourcecode.c.h; path = CIImageRenderer.h; sourceTree = "<group>"; };
		FF8F189019F101EA00538DAC /* CIImageRendererUtils.h */ = {isa = PBXFileReference; fileEncoding = 4; lastKnownFileType = sourcecode.c.h; path = CIImageRendererUtils.h; sourceTree = "<group>"; };
		FF8F189119F101EA00538DAC /* CIImageRendererUtils.m */ = {isa = PBXFileReference; fileEncoding = 4; lastKnownFileType = sourcecode.c.objc; path = CIImageRendererUtils.m; sourceTree = "<group>"; };
		FF8F189219F101EA00538DAC /* SCArchivedVector.h */ = {isa = PBXFileReference; fileEncoding = 4; lastKnownFileType = sourcecode.c.h; path = SCArchivedVector.h; sourceTree = "<group>"; };
		FF8F189319F101EA00538DAC /* SCArchivedVector.m */ = {isa = PBXFileReference; fileEncoding = 4; lastKnownFileType = sourcecode.c.objc; path = SCArchivedVector.m; sourceTree = "<group>"; };
		FF8F189419F101EA00538DAC /* SCAssetExportSession.h */ = {isa = PBXFileReference; fileEncoding = 4; lastKnownFileType = sourcecode.c.h; path = SCAssetExportSession.h; sourceTree = "<group>"; };
		FF8F189519F101EA00538DAC /* SCAssetExportSession.m */ = {isa = PBXFileReference; fileEncoding = 4; lastKnownFileType = sourcecode.c.objc; path = SCAssetExportSession.m; sourceTree = "<group>"; };
		FF8F189619F101EA00538DAC /* SCAudioTools.h */ = {isa = PBXFileReference; fileEncoding = 4; lastKnownFileType = sourcecode.c.h; path = SCAudioTools.h; sourceTree = "<group>"; };
		FF8F189719F101EA00538DAC /* SCAudioTools.m */ = {isa = PBXFileReference; fileEncoding = 4; lastKnownFileType = sourcecode.c.objc; path = SCAudioTools.m; sourceTree = "<group>"; };
		FF8F189819F101EA00538DAC /* SCAudioVideoRecorder-Prefix.pch */ = {isa = PBXFileReference; fileEncoding = 4; lastKnownFileType = sourcecode.c.h; path = "SCAudioVideoRecorder-Prefix.pch"; sourceTree = "<group>"; };
		FF8F189919F101EA00538DAC /* SCFilter.h */ = {isa = PBXFileReference; fileEncoding = 4; lastKnownFileType = sourcecode.c.h; path = SCFilter.h; sourceTree = "<group>"; };
		FF8F189A19F101EA00538DAC /* SCFilter.m */ = {isa = PBXFileReference; fileEncoding = 4; lastKnownFileType = sourcecode.c.objc; path = SCFilter.m; sourceTree = "<group>"; };
		FF8F189B19F101EA00538DAC /* SCFilterGroup.h */ = {isa = PBXFileReference; fileEncoding = 4; lastKnownFileType = sourcecode.c.h; path = SCFilterGroup.h; sourceTree = "<group>"; };
		FF8F189C19F101EA00538DAC /* SCFilterGroup.m */ = {isa = PBXFileReference; fileEncoding = 4; lastKnownFileType = sourcecode.c.objc; path = SCFilterGroup.m; sourceTree = "<group>"; };
		FF8F189D19F101EA00538DAC /* SCFilterSelectorView.h */ = {isa = PBXFileReference; fileEncoding = 4; lastKnownFileType = sourcecode.c.h; path = SCFilterSelectorView.h; sourceTree = "<group>"; };
		FF8F189E19F101EA00538DAC /* SCFilterSelectorView.m */ = {isa = PBXFileReference; fileEncoding = 4; lastKnownFileType = sourcecode.c.objc; path = SCFilterSelectorView.m; sourceTree = "<group>"; };
		FF8F189F19F101EA00538DAC /* SCFilterSelectorViewInternal.h */ = {isa = PBXFileReference; fileEncoding = 4; lastKnownFileType = sourcecode.c.h; path = SCFilterSelectorViewInternal.h; sourceTree = "<group>"; };
		FF8F18A019F101EA00538DAC /* SCImageView.h */ = {isa = PBXFileReference; fileEncoding = 4; lastKnownFileType = sourcecode.c.h; path = SCImageView.h; sourceTree = "<group>"; };
		FF8F18A119F101EA00538DAC /* SCImageView.m */ = {isa = PBXFileReference; fileEncoding = 4; lastKnownFileType = sourcecode.c.objc; path = SCImageView.m; sourceTree = "<group>"; };
		FF8F18A219F101EA00538DAC /* SCPlayer.h */ = {isa = PBXFileReference; fileEncoding = 4; lastKnownFileType = sourcecode.c.h; path = SCPlayer.h; sourceTree = "<group>"; };
		FF8F18A319F101EA00538DAC /* SCPlayer.m */ = {isa = PBXFileReference; fileEncoding = 4; lastKnownFileType = sourcecode.c.objc; path = SCPlayer.m; sourceTree = "<group>"; };
		FF8F18A419F101EA00538DAC /* SCRecorder.h */ = {isa = PBXFileReference; fileEncoding = 4; lastKnownFileType = sourcecode.c.h; path = SCRecorder.h; sourceTree = "<group>"; };
		FF8F18A519F101EA00538DAC /* SCRecorder.m */ = {isa = PBXFileReference; fileEncoding = 4; lastKnownFileType = sourcecode.c.objc; path = SCRecorder.m; sourceTree = "<group>"; };
		FF8F18A619F101EA00538DAC /* SCRecorderFocusTargetView.h */ = {isa = PBXFileReference; fileEncoding = 4; lastKnownFileType = sourcecode.c.h; path = SCRecorderFocusTargetView.h; sourceTree = "<group>"; };
		FF8F18A719F101EA00538DAC /* SCRecorderFocusTargetView.m */ = {isa = PBXFileReference; fileEncoding = 4; lastKnownFileType = sourcecode.c.objc; path = SCRecorderFocusTargetView.m; sourceTree = "<group>"; };
		FF8F18A819F101EA00538DAC /* SCRecorderFocusView.h */ = {isa = PBXFileReference; fileEncoding = 4; lastKnownFileType = sourcecode.c.h; path = SCRecorderFocusView.h; sourceTree = "<group>"; };
		FF8F18A919F101EA00538DAC /* SCRecorderFocusView.m */ = {isa = PBXFileReference; fileEncoding = 4; lastKnownFileType = sourcecode.c.objc; path = SCRecorderFocusView.m; sourceTree = "<group>"; };
		FF8F18AA19F101EA00538DAC /* SCRecordSession.h */ = {isa = PBXFileReference; fileEncoding = 4; lastKnownFileType = sourcecode.c.h; path = SCRecordSession.h; sourceTree = "<group>"; };
		FF8F18AB19F101EA00538DAC /* SCRecordSession.m */ = {isa = PBXFileReference; fileEncoding = 4; lastKnownFileType = sourcecode.c.objc; path = SCRecordSession.m; sourceTree = "<group>"; };
		FF8F18AC19F101EA00538DAC /* SCSampleBufferHolder.h */ = {isa = PBXFileReference; fileEncoding = 4; lastKnownFileType = sourcecode.c.h; path = SCSampleBufferHolder.h; sourceTree = "<group>"; };
		FF8F18AD19F101EA00538DAC /* SCSampleBufferHolder.m */ = {isa = PBXFileReference; fileEncoding = 4; lastKnownFileType = sourcecode.c.objc; path = SCSampleBufferHolder.m; sourceTree = "<group>"; };
		FF8F18AE19F101EA00538DAC /* SCSwipeableFilterView.h */ = {isa = PBXFileReference; fileEncoding = 4; lastKnownFileType = sourcecode.c.h; path = SCSwipeableFilterView.h; sourceTree = "<group>"; };
		FF8F18AF19F101EA00538DAC /* SCSwipeableFilterView.m */ = {isa = PBXFileReference; fileEncoding = 4; lastKnownFileType = sourcecode.c.objc; path = SCSwipeableFilterView.m; sourceTree = "<group>"; };
		FF8F18B019F101EA00538DAC /* SCVideoPlayerView.h */ = {isa = PBXFileReference; fileEncoding = 4; lastKnownFileType = sourcecode.c.h; path = SCVideoPlayerView.h; sourceTree = "<group>"; };
		FF8F18B119F101EA00538DAC /* SCVideoPlayerView.m */ = {isa = PBXFileReference; fileEncoding = 4; lastKnownFileType = sourcecode.c.objc; path = SCVideoPlayerView.m; sourceTree = "<group>"; };
		FF97C431192470AE0025DD6A /* LoginViewController.h */ = {isa = PBXFileReference; fileEncoding = 4; lastKnownFileType = sourcecode.c.h; path = LoginViewController.h; sourceTree = "<group>"; };
		FF97C432192470AE0025DD6A /* LoginViewController.m */ = {isa = PBXFileReference; fileEncoding = 4; lastKnownFileType = sourcecode.c.objc; path = LoginViewController.m; sourceTree = "<group>"; };
		FF97C43419247FD20025DD6A /* submitViewController.h */ = {isa = PBXFileReference; fileEncoding = 4; lastKnownFileType = sourcecode.c.h; path = submitViewController.h; sourceTree = "<group>"; };
		FF97C43519247FD20025DD6A /* submitViewController.m */ = {isa = PBXFileReference; fileEncoding = 4; lastKnownFileType = sourcecode.c.objc; path = submitViewController.m; sourceTree = "<group>"; };
		FFA0E2CA19AEC0DF006269B4 /* AFNetworkActivityIndicatorManager.h */ = {isa = PBXFileReference; fileEncoding = 4; lastKnownFileType = sourcecode.c.h; path = AFNetworkActivityIndicatorManager.h; sourceTree = "<group>"; };
		FFA0E2CB19AEC0DF006269B4 /* AFNetworkActivityIndicatorManager.m */ = {isa = PBXFileReference; fileEncoding = 4; lastKnownFileType = sourcecode.c.objc; path = AFNetworkActivityIndicatorManager.m; sourceTree = "<group>"; };
		FFA0E2CC19AEC0DF006269B4 /* UIActivityIndicatorView+AFNetworking.h */ = {isa = PBXFileReference; fileEncoding = 4; lastKnownFileType = sourcecode.c.h; path = "UIActivityIndicatorView+AFNetworking.h"; sourceTree = "<group>"; };
		FFA0E2CD19AEC0DF006269B4 /* UIActivityIndicatorView+AFNetworking.m */ = {isa = PBXFileReference; fileEncoding = 4; lastKnownFileType = sourcecode.c.objc; path = "UIActivityIndicatorView+AFNetworking.m"; sourceTree = "<group>"; };
		FFA0E2CE19AEC0DF006269B4 /* UIAlertView+AFNetworking.h */ = {isa = PBXFileReference; fileEncoding = 4; lastKnownFileType = sourcecode.c.h; path = "UIAlertView+AFNetworking.h"; sourceTree = "<group>"; };
		FFA0E2CF19AEC0DF006269B4 /* UIAlertView+AFNetworking.m */ = {isa = PBXFileReference; fileEncoding = 4; lastKnownFileType = sourcecode.c.objc; path = "UIAlertView+AFNetworking.m"; sourceTree = "<group>"; };
		FFA0E2D019AEC0DF006269B4 /* UIButton+AFNetworking.h */ = {isa = PBXFileReference; fileEncoding = 4; lastKnownFileType = sourcecode.c.h; path = "UIButton+AFNetworking.h"; sourceTree = "<group>"; };
		FFA0E2D119AEC0DF006269B4 /* UIButton+AFNetworking.m */ = {isa = PBXFileReference; fileEncoding = 4; lastKnownFileType = sourcecode.c.objc; path = "UIButton+AFNetworking.m"; sourceTree = "<group>"; };
		FFA0E2D219AEC0DF006269B4 /* UIImageView+AFNetworking.h */ = {isa = PBXFileReference; fileEncoding = 4; lastKnownFileType = sourcecode.c.h; path = "UIImageView+AFNetworking.h"; sourceTree = "<group>"; };
		FFA0E2D319AEC0DF006269B4 /* UIImageView+AFNetworking.m */ = {isa = PBXFileReference; fileEncoding = 4; lastKnownFileType = sourcecode.c.objc; path = "UIImageView+AFNetworking.m"; sourceTree = "<group>"; };
		FFA0E2D419AEC0DF006269B4 /* UIKit+AFNetworking.h */ = {isa = PBXFileReference; fileEncoding = 4; lastKnownFileType = sourcecode.c.h; path = "UIKit+AFNetworking.h"; sourceTree = "<group>"; };
		FFA0E2D519AEC0DF006269B4 /* UIProgressView+AFNetworking.h */ = {isa = PBXFileReference; fileEncoding = 4; lastKnownFileType = sourcecode.c.h; path = "UIProgressView+AFNetworking.h"; sourceTree = "<group>"; };
		FFA0E2D619AEC0DF006269B4 /* UIProgressView+AFNetworking.m */ = {isa = PBXFileReference; fileEncoding = 4; lastKnownFileType = sourcecode.c.objc; path = "UIProgressView+AFNetworking.m"; sourceTree = "<group>"; };
		FFA0E2D719AEC0DF006269B4 /* UIRefreshControl+AFNetworking.h */ = {isa = PBXFileReference; fileEncoding = 4; lastKnownFileType = sourcecode.c.h; path = "UIRefreshControl+AFNetworking.h"; sourceTree = "<group>"; };
		FFA0E2D819AEC0DF006269B4 /* UIRefreshControl+AFNetworking.m */ = {isa = PBXFileReference; fileEncoding = 4; lastKnownFileType = sourcecode.c.objc; path = "UIRefreshControl+AFNetworking.m"; sourceTree = "<group>"; };
		FFA0E2D919AEC0DF006269B4 /* UIWebView+AFNetworking.h */ = {isa = PBXFileReference; fileEncoding = 4; lastKnownFileType = sourcecode.c.h; path = "UIWebView+AFNetworking.h"; sourceTree = "<group>"; };
		FFA0E2DA19AEC0DF006269B4 /* UIWebView+AFNetworking.m */ = {isa = PBXFileReference; fileEncoding = 4; lastKnownFileType = sourcecode.c.objc; path = "UIWebView+AFNetworking.m"; sourceTree = "<group>"; };
		FFA1769C199133EE005BEE41 /* Security.framework */ = {isa = PBXFileReference; lastKnownFileType = wrapper.framework; name = Security.framework; path = System/Library/Frameworks/Security.framework; sourceTree = SDKROOT; };
		FFA1769E199133FE005BEE41 /* MobileCoreServices.framework */ = {isa = PBXFileReference; lastKnownFileType = wrapper.framework; name = MobileCoreServices.framework; path = System/Library/Frameworks/MobileCoreServices.framework; sourceTree = SDKROOT; };
		FFB92EC31997A06B008E024A /* AFHTTPRequestOperation.h */ = {isa = PBXFileReference; fileEncoding = 4; lastKnownFileType = sourcecode.c.h; path = AFHTTPRequestOperation.h; sourceTree = "<group>"; };
		FFB92EC41997A06B008E024A /* AFHTTPRequestOperation.m */ = {isa = PBXFileReference; fileEncoding = 4; lastKnownFileType = sourcecode.c.objc; path = AFHTTPRequestOperation.m; sourceTree = "<group>"; };
		FFB92EC51997A06B008E024A /* AFHTTPRequestOperationManager.h */ = {isa = PBXFileReference; fileEncoding = 4; lastKnownFileType = sourcecode.c.h; path = AFHTTPRequestOperationManager.h; sourceTree = "<group>"; };
		FFB92EC61997A06B008E024A /* AFHTTPRequestOperationManager.m */ = {isa = PBXFileReference; fileEncoding = 4; lastKnownFileType = sourcecode.c.objc; path = AFHTTPRequestOperationManager.m; sourceTree = "<group>"; };
		FFB92EC71997A06B008E024A /* AFHTTPSessionManager.h */ = {isa = PBXFileReference; fileEncoding = 4; lastKnownFileType = sourcecode.c.h; path = AFHTTPSessionManager.h; sourceTree = "<group>"; };
		FFB92EC81997A06B008E024A /* AFHTTPSessionManager.m */ = {isa = PBXFileReference; fileEncoding = 4; lastKnownFileType = sourcecode.c.objc; path = AFHTTPSessionManager.m; sourceTree = "<group>"; };
		FFB92EC91997A06B008E024A /* AFNetworking.h */ = {isa = PBXFileReference; fileEncoding = 4; lastKnownFileType = sourcecode.c.h; path = AFNetworking.h; sourceTree = "<group>"; };
		FFB92ECA1997A06B008E024A /* AFNetworkReachabilityManager.h */ = {isa = PBXFileReference; fileEncoding = 4; lastKnownFileType = sourcecode.c.h; path = AFNetworkReachabilityManager.h; sourceTree = "<group>"; };
		FFB92ECB1997A06B008E024A /* AFNetworkReachabilityManager.m */ = {isa = PBXFileReference; fileEncoding = 4; lastKnownFileType = sourcecode.c.objc; path = AFNetworkReachabilityManager.m; sourceTree = "<group>"; };
		FFB92ECC1997A06B008E024A /* AFSecurityPolicy.h */ = {isa = PBXFileReference; fileEncoding = 4; lastKnownFileType = sourcecode.c.h; path = AFSecurityPolicy.h; sourceTree = "<group>"; };
		FFB92ECD1997A06B008E024A /* AFSecurityPolicy.m */ = {isa = PBXFileReference; fileEncoding = 4; lastKnownFileType = sourcecode.c.objc; path = AFSecurityPolicy.m; sourceTree = "<group>"; };
		FFB92ECE1997A06B008E024A /* AFURLConnectionOperation.h */ = {isa = PBXFileReference; fileEncoding = 4; lastKnownFileType = sourcecode.c.h; path = AFURLConnectionOperation.h; sourceTree = "<group>"; };
		FFB92ECF1997A06B008E024A /* AFURLConnectionOperation.m */ = {isa = PBXFileReference; fileEncoding = 4; lastKnownFileType = sourcecode.c.objc; path = AFURLConnectionOperation.m; sourceTree = "<group>"; };
		FFB92ED01997A06B008E024A /* AFURLRequestSerialization.h */ = {isa = PBXFileReference; fileEncoding = 4; lastKnownFileType = sourcecode.c.h; path = AFURLRequestSerialization.h; sourceTree = "<group>"; };
		FFB92ED11997A06B008E024A /* AFURLRequestSerialization.m */ = {isa = PBXFileReference; fileEncoding = 4; lastKnownFileType = sourcecode.c.objc; path = AFURLRequestSerialization.m; sourceTree = "<group>"; };
		FFB92ED21997A06B008E024A /* AFURLResponseSerialization.h */ = {isa = PBXFileReference; fileEncoding = 4; lastKnownFileType = sourcecode.c.h; path = AFURLResponseSerialization.h; sourceTree = "<group>"; };
		FFB92ED31997A06B008E024A /* AFURLResponseSerialization.m */ = {isa = PBXFileReference; fileEncoding = 4; lastKnownFileType = sourcecode.c.objc; path = AFURLResponseSerialization.m; sourceTree = "<group>"; };
		FFB92ED41997A06B008E024A /* AFURLSessionManager.h */ = {isa = PBXFileReference; fileEncoding = 4; lastKnownFileType = sourcecode.c.h; path = AFURLSessionManager.h; sourceTree = "<group>"; };
		FFB92ED51997A06B008E024A /* AFURLSessionManager.m */ = {isa = PBXFileReference; fileEncoding = 4; lastKnownFileType = sourcecode.c.objc; path = AFURLSessionManager.m; sourceTree = "<group>"; };
		FFD5C860196A6A3D009E4F5A /* CoreAudio.framework */ = {isa = PBXFileReference; lastKnownFileType = wrapper.framework; name = CoreAudio.framework; path = System/Library/Frameworks/CoreAudio.framework; sourceTree = SDKROOT; };
		FFD5C862196A6A5B009E4F5A /* CoreMedia.framework */ = {isa = PBXFileReference; lastKnownFileType = wrapper.framework; name = CoreMedia.framework; path = System/Library/Frameworks/CoreMedia.framework; sourceTree = SDKROOT; };
		FFD5C865196A6A7E009E4F5A /* AudioToolbox.framework */ = {isa = PBXFileReference; lastKnownFileType = wrapper.framework; name = AudioToolbox.framework; path = System/Library/Frameworks/AudioToolbox.framework; sourceTree = SDKROOT; };
		FFD5C867196A6A87009E4F5A /* CoreVideo.framework */ = {isa = PBXFileReference; lastKnownFileType = wrapper.framework; name = CoreVideo.framework; path = System/Library/Frameworks/CoreVideo.framework; sourceTree = SDKROOT; };
		FFD5C869196A6F91009E4F5A /* AssetsLibrary.framework */ = {isa = PBXFileReference; lastKnownFileType = wrapper.framework; name = AssetsLibrary.framework; path = System/Library/Frameworks/AssetsLibrary.framework; sourceTree = SDKROOT; };
		FFDC02A11A1F7DFA009A787C /* SVProgressHUD.bundle */ = {isa = PBXFileReference; lastKnownFileType = "wrapper.plug-in"; path = SVProgressHUD.bundle; sourceTree = "<group>"; };
		FFDC02A21A1F7DFA009A787C /* SVProgressHUD.h */ = {isa = PBXFileReference; fileEncoding = 4; lastKnownFileType = sourcecode.c.h; path = SVProgressHUD.h; sourceTree = "<group>"; };
		FFDC02A31A1F7DFA009A787C /* SVProgressHUD.m */ = {isa = PBXFileReference; fileEncoding = 4; lastKnownFileType = sourcecode.c.objc; path = SVProgressHUD.m; sourceTree = "<group>"; };
		FFE130D81943040500806B02 /* FacebookSDK.framework */ = {isa = PBXFileReference; lastKnownFileType = wrapper.framework; path = FacebookSDK.framework; sourceTree = "<group>"; };
		FFF0224F19E82C600007AB97 /* Main.storyboard */ = {isa = PBXFileReference; fileEncoding = 4; lastKnownFileType = file.storyboard; path = Main.storyboard; sourceTree = "<group>"; };
		FFF16B9419528286002FC793 /* Parse.framework */ = {isa = PBXFileReference; lastKnownFileType = wrapper.framework; path = Parse.framework; sourceTree = "<group>"; };
		FFF16B9919554D37002FC793 /* Accelerate.framework */ = {isa = PBXFileReference; lastKnownFileType = wrapper.framework; name = Accelerate.framework; path = System/Library/Frameworks/Accelerate.framework; sourceTree = SDKROOT; };
/* End PBXFileReference section */

/* Begin PBXFrameworksBuildPhase section */
		AB8C71821A278D8C00BF31EA /* Frameworks */ = {
			isa = PBXFrameworksBuildPhase;
			buildActionMask = 2147483647;
			files = (
			);
			runOnlyForDeploymentPostprocessing = 0;
		};
		FF54EFDC19149A1800025DC8 /* Frameworks */ = {
			isa = PBXFrameworksBuildPhase;
			buildActionMask = 2147483647;
			files = (
				FFA0E2E819AED457006269B4 /* QuartzCore.framework in Frameworks */,
				FF0BE45E193ED63E001A0053 /* SystemConfiguration.framework in Frameworks */,
				FFA1769F199133FE005BEE41 /* MobileCoreServices.framework in Frameworks */,
				FFA1769D199133EE005BEE41 /* Security.framework in Frameworks */,
				FFD5C86A196A6F91009E4F5A /* AssetsLibrary.framework in Frameworks */,
				FF41DF4719BAF42100F3DD7B /* libCrittercism_v4_3_7.a in Frameworks */,
				FF79170919432CB800D351B6 /* CoreLocation.framework in Frameworks */,
				FF0BE45C193ED626001A0053 /* OpenGLES.framework in Frameworks */,
				FF0BE45A193ED61E001A0053 /* libz.dylib in Frameworks */,
				FF0BE458193ED5F8001A0053 /* libicucore.dylib in Frameworks */,
				FF0BE456193ED5E9001A0053 /* libc++.dylib in Frameworks */,
				FF0BE454193ED5D9001A0053 /* ImageIO.framework in Frameworks */,
				FFE130D91943040600806B02 /* FacebookSDK.framework in Frameworks */,
				FF0BE452193ED5CD001A0053 /* GLKit.framework in Frameworks */,
				FF0BE450193ED5C5001A0053 /* CoreText.framework in Frameworks */,
				FF0BE44E193ED5A7001A0053 /* CoreData.framework in Frameworks */,
				FFF16B9519528286002FC793 /* Parse.framework in Frameworks */,
				FF8D84F619194F8200939312 /* MapKit.framework in Frameworks */,
				FF54EFE519149A1800025DC8 /* CoreGraphics.framework in Frameworks */,
				FF54EFE719149A1800025DC8 /* UIKit.framework in Frameworks */,
				FF54EFE319149A1800025DC8 /* Foundation.framework in Frameworks */,
				F5F08E755A9148C28EBECBC2 /* libPods.a in Frameworks */,
			);
			runOnlyForDeploymentPostprocessing = 0;
		};
/* End PBXFrameworksBuildPhase section */

/* Begin PBXGroup section */
		AB8C717C1A278BC300BF31EA /* Model */ = {
			isa = PBXGroup;
			children = (
				AB8C717D1A278BCF00BF31EA /* API */,
				AB8C71931A27906500BF31EA /* APIEntity */,
				AB8C71A11A29CF2000BF31EA /* MoviePlayerManager.h */,
				AB8C71A21A29CF2000BF31EA /* MoviePlayerManager.m */,
			);
			name = Model;
			sourceTree = "<group>";
		};
		AB8C717D1A278BCF00BF31EA /* API */ = {
			isa = PBXGroup;
			children = (
				AB8C717E1A278BFE00BF31EA /* APIClient.h */,
				AB8C717F1A278BFE00BF31EA /* APIClient.m */,
			);
			name = API;
			sourceTree = "<group>";
		};
		AB8C71861A278D8C00BF31EA /* GocciUnitTests */ = {
			isa = PBXGroup;
			children = (
				AB8C71901A278F3500BF31EA /* Tests */,
				AB8C71871A278D8C00BF31EA /* Supporting Files */,
			);
			path = GocciUnitTests;
			sourceTree = "<group>";
		};
		AB8C71871A278D8C00BF31EA /* Supporting Files */ = {
			isa = PBXGroup;
			children = (
				AB8C71881A278D8C00BF31EA /* Info.plist */,
			);
			name = "Supporting Files";
			sourceTree = "<group>";
		};
		AB8C71901A278F3500BF31EA /* Tests */ = {
			isa = PBXGroup;
			children = (
				AB8C71911A278F4400BF31EA /* APIClientTests.m */,
			);
			name = Tests;
			sourceTree = "<group>";
		};
		AB8C71931A27906500BF31EA /* APIEntity */ = {
			isa = PBXGroup;
			children = (
				AB8C71941A27908700BF31EA /* TimelinePost.h */,
				AB8C71951A27908700BF31EA /* TimelinePost.m */,
			);
			name = APIEntity;
			sourceTree = "<group>";
		};
		FF217CB919E62D1200AEB06E /* EDStarRating */ = {
			isa = PBXGroup;
			children = (
				FF217CBA19E62D1200AEB06E /* EDStarRating.h */,
				FF217CBB19E62D1200AEB06E /* EDStarRating.m */,
			);
			path = EDStarRating;
			sourceTree = "<group>";
		};
		FF2990C01A29800500FF4DDB /* Profile_other */ = {
			isa = PBXGroup;
			children = (
				FF2990C11A29809400FF4DDB /* usersTableViewController_other.h */,
				FF2990C21A29809400FF4DDB /* usersTableViewController_other.m */,
				FF2990C61A2980DF00FF4DDB /* Sample5TableViewCell_other.h */,
				FF2990C71A2980E000FF4DDB /* Sample5TableViewCell_other.m */,
				FF2990C81A2980E000FF4DDB /* Sample5TableViewCell_other.xib */,
			);
			name = Profile_other;
			sourceTree = "<group>";
		};
		FF41DF4019BAF42100F3DD7B /* CrittercismSDK */ = {
			isa = PBXGroup;
			children = (
				FF41DF4119BAF42100F3DD7B /* CRFilter.h */,
				FF41DF4219BAF42100F3DD7B /* Crittercism.h */,
				FF41DF4319BAF42100F3DD7B /* CrittercismDelegate.h */,
				FF41DF4419BAF42100F3DD7B /* dsym_upload.sh */,
				FF41DF4519BAF42100F3DD7B /* libCrittercism_v4_3_7.a */,
			);
			path = CrittercismSDK;
			sourceTree = "<group>";
		};
		FF54EFD619149A1800025DC8 = {
			isa = PBXGroup;
			children = (
				FF54EFE819149A1800025DC8 /* Gocci */,
				AB8C71861A278D8C00BF31EA /* GocciUnitTests */,
				FF54EFE119149A1800025DC8 /* Frameworks */,
				FF54EFE019149A1800025DC8 /* Products */,
				BB00E8338B25450F8181FC74 /* Pods.xcconfig */,
			);
			sourceTree = "<group>";
		};
		FF54EFE019149A1800025DC8 /* Products */ = {
			isa = PBXGroup;
			children = (
				FF54EFDF19149A1800025DC8 /* Gocci.app */,
				AB8C71851A278D8C00BF31EA /* GocciUnitTests.xctest */,
			);
			name = Products;
			sourceTree = "<group>";
		};
		FF54EFE119149A1800025DC8 /* Frameworks */ = {
			isa = PBXGroup;
			children = (
				FFA1769E199133FE005BEE41 /* MobileCoreServices.framework */,
				FFA1769C199133EE005BEE41 /* Security.framework */,
				FFD5C869196A6F91009E4F5A /* AssetsLibrary.framework */,
				FFD5C867196A6A87009E4F5A /* CoreVideo.framework */,
				FFD5C865196A6A7E009E4F5A /* AudioToolbox.framework */,
				FFD5C862196A6A5B009E4F5A /* CoreMedia.framework */,
				FFD5C860196A6A3D009E4F5A /* CoreAudio.framework */,
				FFF16B9919554D37002FC793 /* Accelerate.framework */,
				FFF16B9419528286002FC793 /* Parse.framework */,
				FF4BF521194847B90099B01D /* MediaPlayer.framework */,
				FFE130D81943040500806B02 /* FacebookSDK.framework */,
				FF0BE45D193ED63E001A0053 /* SystemConfiguration.framework */,
				FF0BE45B193ED626001A0053 /* OpenGLES.framework */,
				FF0BE459193ED61E001A0053 /* libz.dylib */,
				FF0BE457193ED5F8001A0053 /* libicucore.dylib */,
				FF0BE455193ED5E9001A0053 /* libc++.dylib */,
				FF0BE453193ED5D9001A0053 /* ImageIO.framework */,
				FF0BE451193ED5CD001A0053 /* GLKit.framework */,
				FF0BE44F193ED5C5001A0053 /* CoreText.framework */,
				FF0BE44D193ED5A7001A0053 /* CoreData.framework */,
				FF0BE44B193ED59E001A0053 /* AVFoundation.framework */,
				FF0BE423193CAB31001A0053 /* QuartzCore.framework */,
				FF8D84F719194F8B00939312 /* CoreLocation.framework */,
				FF8D84F519194F8200939312 /* MapKit.framework */,
				FF54EFE219149A1800025DC8 /* Foundation.framework */,
				FF54EFE419149A1800025DC8 /* CoreGraphics.framework */,
				FF54EFE619149A1800025DC8 /* UIKit.framework */,
				302F477AE49444819704F22A /* libPods.a */,
			);
			name = Frameworks;
			sourceTree = "<group>";
		};
		FF54EFE819149A1800025DC8 /* Gocci */ = {
			isa = PBXGroup;
			children = (
				FFF0224F19E82C600007AB97 /* Main.storyboard */,
				FF6570E31A2B097F00E9CBA4 /* 3_5_inch.storyboard */,
				FF6570E51A2B099F00E9CBA4 /* 4_7_inch.storyboard */,
				FF6570E71A2B09B000E9CBA4 /* 5_5_inch.storyboard */,
				FF54EFF119149A1800025DC8 /* AppDelegate.h */,
				FF54EFF219149A1800025DC8 /* AppDelegate.m */,
				FFDC028F1A1F0E4B009A787C /* Login */,
				FFDC02901A1F0E5A009A787C /* Timeline */,
				FFDC02911A1F0E79009A787C /* Search */,
				FFDC02931A1F0EBF009A787C /* Restaurant */,
				FFDC02961A1F0EE9009A787C /* Comment */,
				FFDC02971A1F0F11009A787C /* Sumbmit */,
				FFDC02951A1F0ED4009A787C /* Profile */,
				FF2990C01A29800500FF4DDB /* Profile_other */,
				FFDC02981A1F0F26009A787C /* Recorder */,
				FFDC02991A1F0F5F009A787C /* Effecter */,
				AB8C717C1A278BC300BF31EA /* Model */,
				FF217CB719E60F0200AEB06E /* NullSafe.m */,
				FF648A3E1A2D81F0008987BB /* sample.mov */,
				FF54EFFA19149A1800025DC8 /* Images.xcassets */,
				FF54EFE919149A1800025DC8 /* Supporting Files */,
			);
			path = Gocci;
			sourceTree = "<group>";
		};
		FF54EFE919149A1800025DC8 /* Supporting Files */ = {
			isa = PBXGroup;
			children = (
				FFDC02A01A1F7DFA009A787C /* SVProgressHUD */,
				FF8F188E19F101EA00538DAC /* Sources */,
				FF217CB919E62D1200AEB06E /* EDStarRating */,
				FF5DDF5119E3D3C2000F2ABD /* SDWebImage */,
				FF41DF4019BAF42100F3DD7B /* CrittercismSDK */,
				FFA0E2C919AEC0DF006269B4 /* UIKit+AFNetworking */,
				FFB92EC21997A06B008E024A /* AFNetworking */,
				FF54EFEA19149A1800025DC8 /* Gocci-Info.plist */,
				FF54EFEB19149A1800025DC8 /* InfoPlist.strings */,
				FF54EFEE19149A1800025DC8 /* main.m */,
				FF54EFF019149A1800025DC8 /* Gocci-Prefix.pch */,
			);
			name = "Supporting Files";
			sourceTree = "<group>";
		};
		FF5DDF5119E3D3C2000F2ABD /* SDWebImage */ = {
			isa = PBXGroup;
			children = (
				FF5DDF5219E3D3C2000F2ABD /* MKAnnotationView+WebCache.h */,
				FF5DDF5319E3D3C2000F2ABD /* MKAnnotationView+WebCache.m */,
				FF5DDF5419E3D3C2000F2ABD /* NSData+ImageContentType.h */,
				FF5DDF5519E3D3C2000F2ABD /* NSData+ImageContentType.m */,
				FF5DDF5619E3D3C2000F2ABD /* SDImageCache.h */,
				FF5DDF5719E3D3C2000F2ABD /* SDImageCache.m */,
				FF5DDF5819E3D3C2000F2ABD /* SDWebImageCompat.h */,
				FF5DDF5919E3D3C2000F2ABD /* SDWebImageCompat.m */,
				FF5DDF5A19E3D3C2000F2ABD /* SDWebImageDecoder.h */,
				FF5DDF5B19E3D3C2000F2ABD /* SDWebImageDecoder.m */,
				FF5DDF5C19E3D3C2000F2ABD /* SDWebImageDownloader.h */,
				FF5DDF5D19E3D3C2000F2ABD /* SDWebImageDownloader.m */,
				FF5DDF5E19E3D3C2000F2ABD /* SDWebImageDownloaderOperation.h */,
				FF5DDF5F19E3D3C2000F2ABD /* SDWebImageDownloaderOperation.m */,
				FF5DDF6019E3D3C2000F2ABD /* SDWebImageManager.h */,
				FF5DDF6119E3D3C2000F2ABD /* SDWebImageManager.m */,
				FF5DDF6219E3D3C2000F2ABD /* SDWebImageOperation.h */,
				FF5DDF6319E3D3C2000F2ABD /* SDWebImagePrefetcher.h */,
				FF5DDF6419E3D3C2000F2ABD /* SDWebImagePrefetcher.m */,
				FF5DDF6519E3D3C2000F2ABD /* UIButton+WebCache.h */,
				FF5DDF6619E3D3C2000F2ABD /* UIButton+WebCache.m */,
				FF5DDF6719E3D3C2000F2ABD /* UIImage+GIF.h */,
				FF5DDF6819E3D3C2000F2ABD /* UIImage+GIF.m */,
				FF5DDF6919E3D3C2000F2ABD /* UIImage+MultiFormat.h */,
				FF5DDF6A19E3D3C2000F2ABD /* UIImage+MultiFormat.m */,
				FF5DDF6B19E3D3C2000F2ABD /* UIImage+WebP.h */,
				FF5DDF6C19E3D3C2000F2ABD /* UIImage+WebP.m */,
				FF5DDF6D19E3D3C2000F2ABD /* UIImageView+HighlightedWebCache.h */,
				FF5DDF6E19E3D3C2000F2ABD /* UIImageView+HighlightedWebCache.m */,
				FF5DDF6F19E3D3C2000F2ABD /* UIImageView+WebCache.h */,
				FF5DDF7019E3D3C2000F2ABD /* UIImageView+WebCache.m */,
				FF5DDF7119E3D3C2000F2ABD /* UIView+WebCacheOperation.h */,
				FF5DDF7219E3D3C2000F2ABD /* UIView+WebCacheOperation.m */,
			);
			path = SDWebImage;
			sourceTree = "<group>";
		};
		FF8F188E19F101EA00538DAC /* Sources */ = {
			isa = PBXGroup;
			children = (
				FF8F188F19F101EA00538DAC /* CIImageRenderer.h */,
				FF8F189019F101EA00538DAC /* CIImageRendererUtils.h */,
				FF8F189119F101EA00538DAC /* CIImageRendererUtils.m */,
				FF8F189219F101EA00538DAC /* SCArchivedVector.h */,
				FF8F189319F101EA00538DAC /* SCArchivedVector.m */,
				FF8F189419F101EA00538DAC /* SCAssetExportSession.h */,
				FF8F189519F101EA00538DAC /* SCAssetExportSession.m */,
				FF8F189619F101EA00538DAC /* SCAudioTools.h */,
				FF8F189719F101EA00538DAC /* SCAudioTools.m */,
				FF8F189819F101EA00538DAC /* SCAudioVideoRecorder-Prefix.pch */,
				FF8F189919F101EA00538DAC /* SCFilter.h */,
				FF8F189A19F101EA00538DAC /* SCFilter.m */,
				FF8F189B19F101EA00538DAC /* SCFilterGroup.h */,
				FF8F189C19F101EA00538DAC /* SCFilterGroup.m */,
				FF8F189D19F101EA00538DAC /* SCFilterSelectorView.h */,
				FF8F189E19F101EA00538DAC /* SCFilterSelectorView.m */,
				FF8F189F19F101EA00538DAC /* SCFilterSelectorViewInternal.h */,
				FF8F18A019F101EA00538DAC /* SCImageView.h */,
				FF8F18A119F101EA00538DAC /* SCImageView.m */,
				FF8F18A219F101EA00538DAC /* SCPlayer.h */,
				FF8F18A319F101EA00538DAC /* SCPlayer.m */,
				FF8F18A419F101EA00538DAC /* SCRecorder.h */,
				FF8F18A519F101EA00538DAC /* SCRecorder.m */,
				FF8F18A619F101EA00538DAC /* SCRecorderFocusTargetView.h */,
				FF8F18A719F101EA00538DAC /* SCRecorderFocusTargetView.m */,
				FF8F18A819F101EA00538DAC /* SCRecorderFocusView.h */,
				FF8F18A919F101EA00538DAC /* SCRecorderFocusView.m */,
				FF8F18AA19F101EA00538DAC /* SCRecordSession.h */,
				FF8F18AB19F101EA00538DAC /* SCRecordSession.m */,
				FF8F18AC19F101EA00538DAC /* SCSampleBufferHolder.h */,
				FF8F18AD19F101EA00538DAC /* SCSampleBufferHolder.m */,
				FF8F18AE19F101EA00538DAC /* SCSwipeableFilterView.h */,
				FF8F18AF19F101EA00538DAC /* SCSwipeableFilterView.m */,
				FF8F18B019F101EA00538DAC /* SCVideoPlayerView.h */,
				FF8F18B119F101EA00538DAC /* SCVideoPlayerView.m */,
			);
			path = Sources;
			sourceTree = "<group>";
		};
		FFA0E2C919AEC0DF006269B4 /* UIKit+AFNetworking */ = {
			isa = PBXGroup;
			children = (
				FFA0E2CA19AEC0DF006269B4 /* AFNetworkActivityIndicatorManager.h */,
				FFA0E2CB19AEC0DF006269B4 /* AFNetworkActivityIndicatorManager.m */,
				FFA0E2CC19AEC0DF006269B4 /* UIActivityIndicatorView+AFNetworking.h */,
				FFA0E2CD19AEC0DF006269B4 /* UIActivityIndicatorView+AFNetworking.m */,
				FFA0E2CE19AEC0DF006269B4 /* UIAlertView+AFNetworking.h */,
				FFA0E2CF19AEC0DF006269B4 /* UIAlertView+AFNetworking.m */,
				FFA0E2D019AEC0DF006269B4 /* UIButton+AFNetworking.h */,
				FFA0E2D119AEC0DF006269B4 /* UIButton+AFNetworking.m */,
				FFA0E2D219AEC0DF006269B4 /* UIImageView+AFNetworking.h */,
				FFA0E2D319AEC0DF006269B4 /* UIImageView+AFNetworking.m */,
				FFA0E2D419AEC0DF006269B4 /* UIKit+AFNetworking.h */,
				FFA0E2D519AEC0DF006269B4 /* UIProgressView+AFNetworking.h */,
				FFA0E2D619AEC0DF006269B4 /* UIProgressView+AFNetworking.m */,
				FFA0E2D719AEC0DF006269B4 /* UIRefreshControl+AFNetworking.h */,
				FFA0E2D819AEC0DF006269B4 /* UIRefreshControl+AFNetworking.m */,
				FFA0E2D919AEC0DF006269B4 /* UIWebView+AFNetworking.h */,
				FFA0E2DA19AEC0DF006269B4 /* UIWebView+AFNetworking.m */,
			);
			name = "UIKit+AFNetworking";
			path = "VideoRecorder/UIKit+AFNetworking";
			sourceTree = "<group>";
		};
		FFB92EC21997A06B008E024A /* AFNetworking */ = {
			isa = PBXGroup;
			children = (
				FFB92EC31997A06B008E024A /* AFHTTPRequestOperation.h */,
				FFB92EC41997A06B008E024A /* AFHTTPRequestOperation.m */,
				FFB92EC51997A06B008E024A /* AFHTTPRequestOperationManager.h */,
				FFB92EC61997A06B008E024A /* AFHTTPRequestOperationManager.m */,
				FFB92EC71997A06B008E024A /* AFHTTPSessionManager.h */,
				FFB92EC81997A06B008E024A /* AFHTTPSessionManager.m */,
				FFB92EC91997A06B008E024A /* AFNetworking.h */,
				FFB92ECA1997A06B008E024A /* AFNetworkReachabilityManager.h */,
				FFB92ECB1997A06B008E024A /* AFNetworkReachabilityManager.m */,
				FFB92ECC1997A06B008E024A /* AFSecurityPolicy.h */,
				FFB92ECD1997A06B008E024A /* AFSecurityPolicy.m */,
				FFB92ECE1997A06B008E024A /* AFURLConnectionOperation.h */,
				FFB92ECF1997A06B008E024A /* AFURLConnectionOperation.m */,
				FFB92ED01997A06B008E024A /* AFURLRequestSerialization.h */,
				FFB92ED11997A06B008E024A /* AFURLRequestSerialization.m */,
				FFB92ED21997A06B008E024A /* AFURLResponseSerialization.h */,
				FFB92ED31997A06B008E024A /* AFURLResponseSerialization.m */,
				FFB92ED41997A06B008E024A /* AFURLSessionManager.h */,
				FFB92ED51997A06B008E024A /* AFURLSessionManager.m */,
			);
			path = AFNetworking;
			sourceTree = "<group>";
		};
		FFDC028F1A1F0E4B009A787C /* Login */ = {
			isa = PBXGroup;
			children = (
				FF97C431192470AE0025DD6A /* LoginViewController.h */,
				FF97C432192470AE0025DD6A /* LoginViewController.m */,
			);
			name = Login;
			sourceTree = "<group>";
		};
		FFDC02901A1F0E5A009A787C /* Timeline */ = {
			isa = PBXGroup;
			children = (
				FF15E564191E0C2D007C34F7 /* TimelineTableViewController.h */,
				FF15E565191E0C2D007C34F7 /* TimelineTableViewController.m */,
				FF79170A19453FBD00D351B6 /* Sample2TableViewCell.h */,
				FF79170B19453FBD00D351B6 /* Sample2TableViewCell.m */,
				FF79170C19453FBD00D351B6 /* Sample2TableViewCell.xib */,
			);
			name = Timeline;
			sourceTree = "<group>";
		};
		FFDC02911A1F0E79009A787C /* Search */ = {
			isa = PBXGroup;
			children = (
				FF54F01A1914B3C800025DC8 /* searchTableViewController.h */,
				FF54F01B1914B3C800025DC8 /* searchTableViewController.m */,
				FF0BE40E193C47C1001A0053 /* SampleTableViewCell.h */,
				FF0BE40F193C47C1001A0053 /* SampleTableViewCell.m */,
				FF0BE410193C47C1001A0053 /* SampleTableViewCell.xib */,
				FFDC02921A1F0E8B009A787C /* Annotation */,
			);
			name = Search;
			sourceTree = "<group>";
		};
		FFDC02921A1F0E8B009A787C /* Annotation */ = {
			isa = PBXGroup;
			children = (
				FF66F91C19B5A58600B7E758 /* CustomAnnotation.h */,
				FF66F91D19B5A58600B7E758 /* CustomAnnotation.m */,
			);
			name = Annotation;
			sourceTree = "<group>";
		};
		FFDC02931A1F0EBF009A787C /* Restaurant */ = {
			isa = PBXGroup;
			children = (
				FF54F01D1914B41500025DC8 /* RestaurantTableViewController.h */,
				FF54F01E1914B41500025DC8 /* RestaurantTableViewController.m */,
				FF79170F19457EAC00D351B6 /* Sample3TableViewCell.h */,
				FF79171019457EAC00D351B6 /* Sample3TableViewCell.m */,
				FF79171119457EAC00D351B6 /* Sample3TableViewCell.xib */,
			);
			name = Restaurant;
			sourceTree = "<group>";
		};
		FFDC02951A1F0ED4009A787C /* Profile */ = {
			isa = PBXGroup;
			children = (
				FF217CBD19E6571D00AEB06E /* usersTableViewController.h */,
				FF217CBE19E6571D00AEB06E /* usersTableViewController.m */,
				FF217CC019E657A600AEB06E /* Sample5TableViewCell.h */,
				FF217CC119E657A600AEB06E /* Sample5TableViewCell.m */,
				FF217CC219E657A600AEB06E /* Sample5TableViewCell.xib */,
			);
			name = Profile;
			sourceTree = "<group>";
		};
		FFDC02961A1F0EE9009A787C /* Comment */ = {
			isa = PBXGroup;
			children = (
				FF15E561191E0731007C34F7 /* everyTableViewController.h */,
				FF15E562191E0731007C34F7 /* everyTableViewController.m */,
				FF7917141946BB8E00D351B6 /* Sample4TableViewCell.h */,
				FF7917151946BB8E00D351B6 /* Sample4TableViewCell.m */,
				FF7917161946BB8E00D351B6 /* Sample4TableViewCell.xib */,
			);
			name = Comment;
			sourceTree = "<group>";
		};
		FFDC02971A1F0F11009A787C /* Sumbmit */ = {
			isa = PBXGroup;
			children = (
				FF97C43419247FD20025DD6A /* submitViewController.h */,
				FF97C43519247FD20025DD6A /* submitViewController.m */,
			);
			name = Sumbmit;
			sourceTree = "<group>";
		};
		FFDC02981A1F0F26009A787C /* Recorder */ = {
			isa = PBXGroup;
			children = (
				FF23D22A19F0B67F008B7E5C /* SCRecordSessionManager.h */,
				FF23D22919F0B67F008B7E5C /* SCRecordSessionManager.m */,
				FF23D1D819F0B50B008B7E5C /* SCRecorderViewController.h */,
				FF23D1D919F0B50B008B7E5C /* SCRecorderViewController.m */,
				FF23D1DA19F0B50B008B7E5C /* SCTouchDetector.h */,
				FF23D1DB19F0B50B008B7E5C /* SCTouchDetector.m */,
			);
			name = Recorder;
			sourceTree = "<group>";
		};
		FFDC02991A1F0F5F009A787C /* Effecter */ = {
			isa = PBXGroup;
			children = (
				FF23D1DC19F0B50B008B7E5C /* SCVideoPlayerViewController.h */,
				FF23D1DD19F0B50B008B7E5C /* SCVideoPlayerViewController.m */,
				FF23D1D619F0B50B008B7E5C /* SCImageDisplayerViewController.h */,
				FF23D1D719F0B50B008B7E5C /* SCImageDisplayerViewController.m */,
			);
			name = Effecter;
			sourceTree = "<group>";
		};
		FFDC02A01A1F7DFA009A787C /* SVProgressHUD */ = {
			isa = PBXGroup;
			children = (
				FFDC02A11A1F7DFA009A787C /* SVProgressHUD.bundle */,
				FFDC02A21A1F7DFA009A787C /* SVProgressHUD.h */,
				FFDC02A31A1F7DFA009A787C /* SVProgressHUD.m */,
			);
			path = SVProgressHUD;
			sourceTree = "<group>";
		};
/* End PBXGroup section */

/* Begin PBXNativeTarget section */
		AB8C71841A278D8C00BF31EA /* GocciUnitTests */ = {
			isa = PBXNativeTarget;
			buildConfigurationList = AB8C718D1A278D8C00BF31EA /* Build configuration list for PBXNativeTarget "GocciUnitTests" */;
			buildPhases = (
				AB8C71811A278D8C00BF31EA /* Sources */,
				AB8C71821A278D8C00BF31EA /* Frameworks */,
				AB8C71831A278D8C00BF31EA /* Resources */,
			);
			buildRules = (
			);
			dependencies = (
				AB8C718C1A278D8C00BF31EA /* PBXTargetDependency */,
			);
			name = GocciUnitTests;
			productName = GocciUnitTests;
			productReference = AB8C71851A278D8C00BF31EA /* GocciUnitTests.xctest */;
			productType = "com.apple.product-type.bundle.unit-test";
		};
		FF54EFDE19149A1800025DC8 /* Gocci */ = {
			isa = PBXNativeTarget;
			buildConfigurationList = FF54F01119149A1900025DC8 /* Build configuration list for PBXNativeTarget "Gocci" */;
			buildPhases = (
				E7DE6D97841149DCB4BA88F0 /* Check Pods Manifest.lock */,
				FF54EFDB19149A1800025DC8 /* Sources */,
				FF54EFDC19149A1800025DC8 /* Frameworks */,
				FF54EFDD19149A1800025DC8 /* Resources */,
				7DC7A1EA04474F2FAAC155E9 /* Copy Pods Resources */,
			);
			buildRules = (
			);
			dependencies = (
			);
			name = Gocci;
			productName = Gocci;
			productReference = FF54EFDF19149A1800025DC8 /* Gocci.app */;
			productType = "com.apple.product-type.application";
		};
/* End PBXNativeTarget section */

/* Begin PBXProject section */
		FF54EFD719149A1800025DC8 /* Project object */ = {
			isa = PBXProject;
			attributes = {
				LastUpgradeCheck = 0510;
				ORGANIZATIONNAME = Massara;
				TargetAttributes = {
					AB8C71841A278D8C00BF31EA = {
						CreatedOnToolsVersion = 6.1;
						TestTargetID = FF54EFDE19149A1800025DC8;
					};
				};
			};
			buildConfigurationList = FF54EFDA19149A1800025DC8 /* Build configuration list for PBXProject "Gocci" */;
			compatibilityVersion = "Xcode 3.2";
			developmentRegion = English;
			hasScannedForEncodings = 0;
			knownRegions = (
				en,
				Base,
			);
			mainGroup = FF54EFD619149A1800025DC8;
			productRefGroup = FF54EFE019149A1800025DC8 /* Products */;
			projectDirPath = "";
			projectRoot = "";
			targets = (
				FF54EFDE19149A1800025DC8 /* Gocci */,
				AB8C71841A278D8C00BF31EA /* GocciUnitTests */,
			);
		};
/* End PBXProject section */

/* Begin PBXResourcesBuildPhase section */
		AB8C71831A278D8C00BF31EA /* Resources */ = {
			isa = PBXResourcesBuildPhase;
			buildActionMask = 2147483647;
			files = (
			);
			runOnlyForDeploymentPostprocessing = 0;
		};
		FF54EFDD19149A1800025DC8 /* Resources */ = {
			isa = PBXResourcesBuildPhase;
			buildActionMask = 2147483647;
			files = (
				FF7917181946BB8E00D351B6 /* Sample4TableViewCell.xib in Resources */,
				FFF0225019E82C600007AB97 /* Main.storyboard in Resources */,
				FF79171319457EAC00D351B6 /* Sample3TableViewCell.xib in Resources */,
				FF0BE412193C47C2001A0053 /* SampleTableViewCell.xib in Resources */,
				FF6570E41A2B097F00E9CBA4 /* 3_5_inch.storyboard in Resources */,
				FF54EFFB19149A1800025DC8 /* Images.xcassets in Resources */,
				FF79170E19453FBD00D351B6 /* Sample2TableViewCell.xib in Resources */,
				FFDC02A41A1F7DFA009A787C /* SVProgressHUD.bundle in Resources */,
				FF6570E81A2B09B000E9CBA4 /* 5_5_inch.storyboard in Resources */,
				FF648A3F1A2D81F0008987BB /* sample.mov in Resources */,
				FF217CC419E657A600AEB06E /* Sample5TableViewCell.xib in Resources */,
				FF6570E61A2B099F00E9CBA4 /* 4_7_inch.storyboard in Resources */,
				FF2990CA1A2980E000FF4DDB /* Sample5TableViewCell_other.xib in Resources */,
				FF54EFED19149A1800025DC8 /* InfoPlist.strings in Resources */,
				FF41DF4619BAF42100F3DD7B /* dsym_upload.sh in Resources */,
			);
			runOnlyForDeploymentPostprocessing = 0;
		};
/* End PBXResourcesBuildPhase section */

/* Begin PBXShellScriptBuildPhase section */
		7DC7A1EA04474F2FAAC155E9 /* Copy Pods Resources */ = {
			isa = PBXShellScriptBuildPhase;
			buildActionMask = 2147483647;
			files = (
			);
			inputPaths = (
			);
			name = "Copy Pods Resources";
			outputPaths = (
			);
			runOnlyForDeploymentPostprocessing = 0;
			shellPath = /bin/sh;
			shellScript = "\"${SRCROOT}/Pods/Pods-resources.sh\"\n";
			showEnvVarsInLog = 0;
		};
		E7DE6D97841149DCB4BA88F0 /* Check Pods Manifest.lock */ = {
			isa = PBXShellScriptBuildPhase;
			buildActionMask = 2147483647;
			files = (
			);
			inputPaths = (
			);
			name = "Check Pods Manifest.lock";
			outputPaths = (
			);
			runOnlyForDeploymentPostprocessing = 0;
			shellPath = /bin/sh;
			shellScript = "diff \"${PODS_ROOT}/../Podfile.lock\" \"${PODS_ROOT}/Manifest.lock\" > /dev/null\nif [[ $? != 0 ]] ; then\n    cat << EOM\nerror: The sandbox is not in sync with the Podfile.lock. Run 'pod install' or update your CocoaPods installation.\nEOM\n    exit 1\nfi\n";
			showEnvVarsInLog = 0;
		};
/* End PBXShellScriptBuildPhase section */

/* Begin PBXSourcesBuildPhase section */
		AB8C71811A278D8C00BF31EA /* Sources */ = {
			isa = PBXSourcesBuildPhase;
			buildActionMask = 2147483647;
			files = (
				AB8C71921A278F4400BF31EA /* APIClientTests.m in Sources */,
			);
			runOnlyForDeploymentPostprocessing = 0;
		};
		FF54EFDB19149A1800025DC8 /* Sources */ = {
			isa = PBXSourcesBuildPhase;
			buildActionMask = 2147483647;
			files = (
				FF8F18C119F101EA00538DAC /* SCVideoPlayerView.m in Sources */,
				FF66F91E19B5A58600B7E758 /* CustomAnnotation.m in Sources */,
				FFB92EDC1997A06B008E024A /* AFURLRequestSerialization.m in Sources */,
				FFB92EDB1997A06B008E024A /* AFURLConnectionOperation.m in Sources */,
				FF217CC319E657A600AEB06E /* Sample5TableViewCell.m in Sources */,
				FFFC8907198DFD20008DC584 /* AppDelegate.m in Sources */,
				FF54F01F1914B41500025DC8 /* RestaurantTableViewController.m in Sources */,
				FF5DDF7D19E3D3C2000F2ABD /* UIImage+GIF.m in Sources */,
				FF97C43619247FD20025DD6A /* submitViewController.m in Sources */,
				FF23D1DE19F0B50B008B7E5C /* SCImageDisplayerViewController.m in Sources */,
				FF5DDF7919E3D3C2000F2ABD /* SDWebImageDownloaderOperation.m in Sources */,
				FF8F18B719F101EA00538DAC /* SCFilterGroup.m in Sources */,
				FF8F18BD19F101EA00538DAC /* SCRecorderFocusView.m in Sources */,
				FFA0E2DE19AEC0DF006269B4 /* UIButton+AFNetworking.m in Sources */,
				FF8F18BE19F101EA00538DAC /* SCRecordSession.m in Sources */,
				FFB92EDE1997A06B008E024A /* AFURLSessionManager.m in Sources */,
				FF54F01C1914B3C800025DC8 /* searchTableViewController.m in Sources */,
				FF5DDF7419E3D3C2000F2ABD /* NSData+ImageContentType.m in Sources */,
				FFA0E2DC19AEC0DF006269B4 /* UIActivityIndicatorView+AFNetworking.m in Sources */,
				FF79171219457EAC00D351B6 /* Sample3TableViewCell.m in Sources */,
				FF5DDF8219E3D3C2000F2ABD /* UIView+WebCacheOperation.m in Sources */,
				FFB92EDA1997A06B008E024A /* AFSecurityPolicy.m in Sources */,
				FF23D1DF19F0B50B008B7E5C /* SCRecorderViewController.m in Sources */,
				FF23D1E119F0B50B008B7E5C /* SCVideoPlayerViewController.m in Sources */,
				AB8C71A31A29CF2000BF31EA /* MoviePlayerManager.m in Sources */,
				FFB92ED61997A06B008E024A /* AFHTTPRequestOperation.m in Sources */,
				FF0BE411193C47C2001A0053 /* SampleTableViewCell.m in Sources */,
				FFA0E2E219AEC0DF006269B4 /* UIWebView+AFNetworking.m in Sources */,
				FF8F18BC19F101EA00538DAC /* SCRecorderFocusTargetView.m in Sources */,
				FF217CBF19E6571D00AEB06E /* usersTableViewController.m in Sources */,
				FFA0E2DD19AEC0DF006269B4 /* UIAlertView+AFNetworking.m in Sources */,
				FF217CB819E60F0200AEB06E /* NullSafe.m in Sources */,
				FF23D1E019F0B50B008B7E5C /* SCTouchDetector.m in Sources */,
				FF5DDF7619E3D3C2000F2ABD /* SDWebImageCompat.m in Sources */,
				FF5DDF7E19E3D3C2000F2ABD /* UIImage+MultiFormat.m in Sources */,
				FF8F18BB19F101EA00538DAC /* SCRecorder.m in Sources */,
				FF8F18B819F101EA00538DAC /* SCFilterSelectorView.m in Sources */,
				FF5DDF7F19E3D3C2000F2ABD /* UIImage+WebP.m in Sources */,
				FF5DDF7A19E3D3C2000F2ABD /* SDWebImageManager.m in Sources */,
				FF5DDF7519E3D3C2000F2ABD /* SDImageCache.m in Sources */,
				FF8F18B919F101EA00538DAC /* SCImageView.m in Sources */,
				FF15E563191E0731007C34F7 /* everyTableViewController.m in Sources */,
				AB8C71801A278BFE00BF31EA /* APIClient.m in Sources */,
				FFDC02A51A1F7DFA009A787C /* SVProgressHUD.m in Sources */,
				FF8F18BA19F101EA00538DAC /* SCPlayer.m in Sources */,
				FF8F18B519F101EA00538DAC /* SCAudioTools.m in Sources */,
				FF5DDF7B19E3D3C2000F2ABD /* SDWebImagePrefetcher.m in Sources */,
				FF23D22B19F0B67F008B7E5C /* SCRecordSessionManager.m in Sources */,
				FF79170D19453FBD00D351B6 /* Sample2TableViewCell.m in Sources */,
				AB8C71961A27908700BF31EA /* TimelinePost.m in Sources */,
				FF8F18B619F101EA00538DAC /* SCFilter.m in Sources */,
				FF8F18B219F101EA00538DAC /* CIImageRendererUtils.m in Sources */,
				FF5DDF7319E3D3C2000F2ABD /* MKAnnotationView+WebCache.m in Sources */,
				FFB92ED81997A06B008E024A /* AFHTTPSessionManager.m in Sources */,
				FFA0E2DF19AEC0DF006269B4 /* UIImageView+AFNetworking.m in Sources */,
				FF5DDF7719E3D3C2000F2ABD /* SDWebImageDecoder.m in Sources */,
				FFA0E2E019AEC0DF006269B4 /* UIProgressView+AFNetworking.m in Sources */,
				FF5DDF8019E3D3C2000F2ABD /* UIImageView+HighlightedWebCache.m in Sources */,
				FF217CBC19E62D1200AEB06E /* EDStarRating.m in Sources */,
				FF8F18B319F101EA00538DAC /* SCArchivedVector.m in Sources */,
				FF8F18B419F101EA00538DAC /* SCAssetExportSession.m in Sources */,
				FF5DDF7C19E3D3C2000F2ABD /* UIButton+WebCache.m in Sources */,
				FFA0E2E119AEC0DF006269B4 /* UIRefreshControl+AFNetworking.m in Sources */,
				FF5DDF8119E3D3C2000F2ABD /* UIImageView+WebCache.m in Sources */,
				FFB92ED71997A06B008E024A /* AFHTTPRequestOperationManager.m in Sources */,
				FF5DDF7819E3D3C2000F2ABD /* SDWebImageDownloader.m in Sources */,
				FF7917171946BB8E00D351B6 /* Sample4TableViewCell.m in Sources */,
				FF2990C91A2980E000FF4DDB /* Sample5TableViewCell_other.m in Sources */,
				FF8F18BF19F101EA00538DAC /* SCSampleBufferHolder.m in Sources */,
				FF97C433192470AE0025DD6A /* LoginViewController.m in Sources */,
				FF2990C41A29809400FF4DDB /* usersTableViewController_other.m in Sources */,
				FF54EFEF19149A1800025DC8 /* main.m in Sources */,
				FFA0E2DB19AEC0DF006269B4 /* AFNetworkActivityIndicatorManager.m in Sources */,
				FFB92ED91997A06B008E024A /* AFNetworkReachabilityManager.m in Sources */,
				FF8F18C019F101EA00538DAC /* SCSwipeableFilterView.m in Sources */,
				FFB92EDD1997A06B008E024A /* AFURLResponseSerialization.m in Sources */,
				FF15E566191E0C2D007C34F7 /* TimelineTableViewController.m in Sources */,
			);
			runOnlyForDeploymentPostprocessing = 0;
		};
/* End PBXSourcesBuildPhase section */

/* Begin PBXTargetDependency section */
		AB8C718C1A278D8C00BF31EA /* PBXTargetDependency */ = {
			isa = PBXTargetDependency;
			target = FF54EFDE19149A1800025DC8 /* Gocci */;
			targetProxy = AB8C718B1A278D8C00BF31EA /* PBXContainerItemProxy */;
		};
/* End PBXTargetDependency section */

/* Begin PBXVariantGroup section */
		FF54EFEB19149A1800025DC8 /* InfoPlist.strings */ = {
			isa = PBXVariantGroup;
			children = (
				FF54EFEC19149A1800025DC8 /* en */,
			);
			name = InfoPlist.strings;
			sourceTree = "<group>";
		};
/* End PBXVariantGroup section */

/* Begin XCBuildConfiguration section */
		AB8C718E1A278D8C00BF31EA /* Debug */ = {
			isa = XCBuildConfiguration;
			buildSettings = {
				BUNDLE_LOADER = "$(TEST_HOST)";
				CLANG_WARN_UNREACHABLE_CODE = YES;
				ENABLE_STRICT_OBJC_MSGSEND = YES;
				FRAMEWORK_SEARCH_PATHS = (
					"$(SDKROOT)/Developer/Library/Frameworks",
					"$(inherited)",
				);
				GCC_PREPROCESSOR_DEFINITIONS = (
					"DEBUG=1",
					"$(inherited)",
				);
				INFOPLIST_FILE = GocciUnitTests/Info.plist;
				IPHONEOS_DEPLOYMENT_TARGET = 8.1;
				LD_RUNPATH_SEARCH_PATHS = "$(inherited) @executable_path/Frameworks @loader_path/Frameworks";
				MTL_ENABLE_DEBUG_INFO = YES;
				PRODUCT_NAME = "$(TARGET_NAME)";
				TEST_HOST = "$(BUILT_PRODUCTS_DIR)/Gocci.app/Gocci";
			};
			name = Debug;
		};
		AB8C718F1A278D8C00BF31EA /* Release */ = {
			isa = XCBuildConfiguration;
			buildSettings = {
				BUNDLE_LOADER = "$(TEST_HOST)";
				CLANG_WARN_UNREACHABLE_CODE = YES;
				ENABLE_STRICT_OBJC_MSGSEND = YES;
				FRAMEWORK_SEARCH_PATHS = (
					"$(SDKROOT)/Developer/Library/Frameworks",
					"$(inherited)",
				);
				INFOPLIST_FILE = GocciUnitTests/Info.plist;
				IPHONEOS_DEPLOYMENT_TARGET = 8.1;
				LD_RUNPATH_SEARCH_PATHS = "$(inherited) @executable_path/Frameworks @loader_path/Frameworks";
				MTL_ENABLE_DEBUG_INFO = NO;
				PRODUCT_NAME = "$(TARGET_NAME)";
				TEST_HOST = "$(BUILT_PRODUCTS_DIR)/Gocci.app/Gocci";
			};
			name = Release;
		};
		FF54F00F19149A1900025DC8 /* Debug */ = {
			isa = XCBuildConfiguration;
			buildSettings = {
				ALWAYS_SEARCH_USER_PATHS = NO;
				ARCHS = "$(ARCHS_STANDARD)";
				CLANG_CXX_LANGUAGE_STANDARD = "gnu++0x";
				CLANG_CXX_LIBRARY = "libc++";
				CLANG_ENABLE_MODULES = YES;
				CLANG_ENABLE_OBJC_ARC = YES;
				CLANG_WARN_BOOL_CONVERSION = YES;
				CLANG_WARN_CONSTANT_CONVERSION = YES;
				CLANG_WARN_DIRECT_OBJC_ISA_USAGE = YES_ERROR;
				CLANG_WARN_EMPTY_BODY = YES;
				CLANG_WARN_ENUM_CONVERSION = YES;
				CLANG_WARN_INT_CONVERSION = YES;
				CLANG_WARN_OBJC_ROOT_CLASS = YES_ERROR;
				CLANG_WARN__DUPLICATE_METHOD_MATCH = YES;
				CODE_SIGN_IDENTITY = "iPhone Developer: Daiki Hosokawa (MDWKF44977)";
				"CODE_SIGN_IDENTITY[sdk=iphoneos*]" = "iPhone Developer";
				COPY_PHASE_STRIP = NO;
				GCC_C_LANGUAGE_STANDARD = gnu99;
				GCC_DYNAMIC_NO_PIC = NO;
				GCC_OPTIMIZATION_LEVEL = 0;
				GCC_PREPROCESSOR_DEFINITIONS = (
					"DEBUG=1",
					"$(inherited)",
				);
				GCC_SYMBOLS_PRIVATE_EXTERN = NO;
				GCC_WARN_64_TO_32_BIT_CONVERSION = YES;
				GCC_WARN_ABOUT_RETURN_TYPE = YES_ERROR;
				GCC_WARN_UNDECLARED_SELECTOR = YES;
				GCC_WARN_UNINITIALIZED_AUTOS = YES_AGGRESSIVE;
				GCC_WARN_UNUSED_FUNCTION = YES;
				GCC_WARN_UNUSED_VARIABLE = YES;
				IPHONEOS_DEPLOYMENT_TARGET = 7.1;
				ONLY_ACTIVE_ARCH = NO;
				SDKROOT = iphoneos;
				VALID_ARCHS = "arm64 armv7 armv7s";
			};
			name = Debug;
		};
		FF54F01019149A1900025DC8 /* Release */ = {
			isa = XCBuildConfiguration;
			buildSettings = {
				ALWAYS_SEARCH_USER_PATHS = NO;
				ARCHS = "$(ARCHS_STANDARD)";
				CLANG_CXX_LANGUAGE_STANDARD = "gnu++0x";
				CLANG_CXX_LIBRARY = "libc++";
				CLANG_ENABLE_MODULES = YES;
				CLANG_ENABLE_OBJC_ARC = YES;
				CLANG_WARN_BOOL_CONVERSION = YES;
				CLANG_WARN_CONSTANT_CONVERSION = YES;
				CLANG_WARN_DIRECT_OBJC_ISA_USAGE = YES_ERROR;
				CLANG_WARN_EMPTY_BODY = YES;
				CLANG_WARN_ENUM_CONVERSION = YES;
				CLANG_WARN_INT_CONVERSION = YES;
				CLANG_WARN_OBJC_ROOT_CLASS = YES_ERROR;
				CLANG_WARN__DUPLICATE_METHOD_MATCH = YES;
				CODE_SIGN_IDENTITY = "iPhone Developer: Daiki Hosokawa (MDWKF44977)";
				"CODE_SIGN_IDENTITY[sdk=iphoneos*]" = "iPhone Developer";
				COPY_PHASE_STRIP = YES;
				ENABLE_NS_ASSERTIONS = NO;
				GCC_C_LANGUAGE_STANDARD = gnu99;
				GCC_WARN_64_TO_32_BIT_CONVERSION = YES;
				GCC_WARN_ABOUT_RETURN_TYPE = YES_ERROR;
				GCC_WARN_UNDECLARED_SELECTOR = YES;
				GCC_WARN_UNINITIALIZED_AUTOS = YES_AGGRESSIVE;
				GCC_WARN_UNUSED_FUNCTION = YES;
				GCC_WARN_UNUSED_VARIABLE = YES;
				IPHONEOS_DEPLOYMENT_TARGET = 7.1;
				ONLY_ACTIVE_ARCH = NO;
				SDKROOT = iphoneos;
				VALIDATE_PRODUCT = YES;
				VALID_ARCHS = "arm64 armv7 armv7s";
			};
			name = Release;
		};
		FF54F01219149A1900025DC8 /* Debug */ = {
			isa = XCBuildConfiguration;
			baseConfigurationReference = BB00E8338B25450F8181FC74 /* Pods.xcconfig */;
			buildSettings = {
				ARCHS = "$(ARCHS_STANDARD)";
				ASSETCATALOG_COMPILER_APPICON_NAME = AppIcon;
				ASSETCATALOG_COMPILER_LAUNCHIMAGE_NAME = "LaunchImage-2";
				CODE_SIGN_IDENTITY = "iPhone Developer";
				"CODE_SIGN_IDENTITY[sdk=iphoneos*]" = "iPhone Developer";
				FRAMEWORK_SEARCH_PATHS = "$(PROJECT_DIR)";
				GCC_PRECOMPILE_PREFIX_HEADER = YES;
				GCC_PREFIX_HEADER = "Gocci/Gocci-Prefix.pch";
				INFOPLIST_FILE = "Gocci/Gocci-Info.plist";
				IPHONEOS_DEPLOYMENT_TARGET = 7.1;
				LD_MAP_FILE_PATH = "";
				LIBRARY_SEARCH_PATHS = (
					"$(inherited)",
					"$(PROJECT_DIR)/Gocci/CrittercismSDK",
				);
				ONLY_ACTIVE_ARCH = NO;
				OTHER_LDFLAGS = "-ObjC";
				PRODUCT_NAME = "$(TARGET_NAME)";
				PROVISIONING_PROFILE = "";
				TARGETED_DEVICE_FAMILY = 1;
				VALID_ARCHS = "armv7s arm64 armv6 armv7";
				WRAPPER_EXTENSION = app;
			};
			name = Debug;
		};
		FF54F01319149A1900025DC8 /* Release */ = {
			isa = XCBuildConfiguration;
			baseConfigurationReference = BB00E8338B25450F8181FC74 /* Pods.xcconfig */;
			buildSettings = {
				ARCHS = "$(ARCHS_STANDARD)";
				ASSETCATALOG_COMPILER_APPICON_NAME = AppIcon;
				ASSETCATALOG_COMPILER_LAUNCHIMAGE_NAME = "LaunchImage-2";
				CODE_SIGN_IDENTITY = "iPhone Developer";
				"CODE_SIGN_IDENTITY[sdk=iphoneos*]" = "iPhone Developer";
				FRAMEWORK_SEARCH_PATHS = "$(PROJECT_DIR)";
				GCC_PRECOMPILE_PREFIX_HEADER = YES;
				GCC_PREFIX_HEADER = "Gocci/Gocci-Prefix.pch";
				INFOPLIST_FILE = "Gocci/Gocci-Info.plist";
				IPHONEOS_DEPLOYMENT_TARGET = 7.1;
				LD_MAP_FILE_PATH = "";
				LIBRARY_SEARCH_PATHS = (
					"$(inherited)",
					"$(PROJECT_DIR)/Gocci/CrittercismSDK",
				);
				ONLY_ACTIVE_ARCH = NO;
				OTHER_LDFLAGS = "-ObjC";
				PRODUCT_NAME = "$(TARGET_NAME)";
				PROVISIONING_PROFILE = "";
				TARGETED_DEVICE_FAMILY = 1;
				VALID_ARCHS = "armv7s arm64 armv6 armv7";
				WRAPPER_EXTENSION = app;
			};
			name = Release;
		};
/* End XCBuildConfiguration section */

/* Begin XCConfigurationList section */
		AB8C718D1A278D8C00BF31EA /* Build configuration list for PBXNativeTarget "GocciUnitTests" */ = {
			isa = XCConfigurationList;
			buildConfigurations = (
				AB8C718E1A278D8C00BF31EA /* Debug */,
				AB8C718F1A278D8C00BF31EA /* Release */,
			);
			defaultConfigurationIsVisible = 0;
			defaultConfigurationName = Release;
		};
		FF54EFDA19149A1800025DC8 /* Build configuration list for PBXProject "Gocci" */ = {
			isa = XCConfigurationList;
			buildConfigurations = (
				FF54F00F19149A1900025DC8 /* Debug */,
				FF54F01019149A1900025DC8 /* Release */,
			);
			defaultConfigurationIsVisible = 0;
			defaultConfigurationName = Release;
		};
		FF54F01119149A1900025DC8 /* Build configuration list for PBXNativeTarget "Gocci" */ = {
			isa = XCConfigurationList;
			buildConfigurations = (
				FF54F01219149A1900025DC8 /* Debug */,
				FF54F01319149A1900025DC8 /* Release */,
			);
			defaultConfigurationIsVisible = 0;
			defaultConfigurationName = Release;
		};
/* End XCConfigurationList section */
	};
	rootObject = FF54EFD719149A1800025DC8 /* Project object */;
}
