// !$*UTF8*$!
{
	archiveVersion = 1;
	classes = {
	};
	objectVersion = 46;
	objects = {

/* Begin PBXBuildFile section */
		FF0BE411193C47C2001A0053 /* SampleTableViewCell.m in Sources */ = {isa = PBXBuildFile; fileRef = FF0BE40F193C47C1001A0053 /* SampleTableViewCell.m */; };
		FF0BE412193C47C2001A0053 /* SampleTableViewCell.xib in Resources */ = {isa = PBXBuildFile; fileRef = FF0BE410193C47C1001A0053 /* SampleTableViewCell.xib */; };
		FF0BE424193CAB31001A0053 /* QuartzCore.framework in Frameworks */ = {isa = PBXBuildFile; fileRef = FF0BE423193CAB31001A0053 /* QuartzCore.framework */; };
		FF0BE44C193ED59E001A0053 /* AVFoundation.framework in Frameworks */ = {isa = PBXBuildFile; fileRef = FF0BE44B193ED59E001A0053 /* AVFoundation.framework */; };
		FF0BE44E193ED5A7001A0053 /* CoreData.framework in Frameworks */ = {isa = PBXBuildFile; fileRef = FF0BE44D193ED5A7001A0053 /* CoreData.framework */; };
		FF0BE450193ED5C5001A0053 /* CoreText.framework in Frameworks */ = {isa = PBXBuildFile; fileRef = FF0BE44F193ED5C5001A0053 /* CoreText.framework */; };
		FF0BE452193ED5CD001A0053 /* GLKit.framework in Frameworks */ = {isa = PBXBuildFile; fileRef = FF0BE451193ED5CD001A0053 /* GLKit.framework */; };
		FF0BE454193ED5D9001A0053 /* ImageIO.framework in Frameworks */ = {isa = PBXBuildFile; fileRef = FF0BE453193ED5D9001A0053 /* ImageIO.framework */; };
		FF0BE456193ED5E9001A0053 /* libc++.dylib in Frameworks */ = {isa = PBXBuildFile; fileRef = FF0BE455193ED5E9001A0053 /* libc++.dylib */; };
		FF0BE458193ED5F8001A0053 /* libicucore.dylib in Frameworks */ = {isa = PBXBuildFile; fileRef = FF0BE457193ED5F8001A0053 /* libicucore.dylib */; };
		FF0BE45A193ED61E001A0053 /* libz.dylib in Frameworks */ = {isa = PBXBuildFile; fileRef = FF0BE459193ED61E001A0053 /* libz.dylib */; };
		FF0BE45C193ED626001A0053 /* OpenGLES.framework in Frameworks */ = {isa = PBXBuildFile; fileRef = FF0BE45B193ED626001A0053 /* OpenGLES.framework */; };
		FF0BE45E193ED63E001A0053 /* SystemConfiguration.framework in Frameworks */ = {isa = PBXBuildFile; fileRef = FF0BE45D193ED63E001A0053 /* SystemConfiguration.framework */; };
		FF15E560191E05F6007C34F7 /* LifelogTableViewController.m in Sources */ = {isa = PBXBuildFile; fileRef = FF15E55F191E05F6007C34F7 /* LifelogTableViewController.m */; };
		FF15E563191E0731007C34F7 /* everyTableViewController.m in Sources */ = {isa = PBXBuildFile; fileRef = FF15E562191E0731007C34F7 /* everyTableViewController.m */; };
		FF15E566191E0C2D007C34F7 /* TimelineTableViewController.m in Sources */ = {isa = PBXBuildFile; fileRef = FF15E565191E0C2D007C34F7 /* TimelineTableViewController.m */; };
		FF4BF51F194845C50099B01D /* CameraViewController.m in Sources */ = {isa = PBXBuildFile; fileRef = FF4BF51D194845C50099B01D /* CameraViewController.m */; };
		FF4BF520194845C50099B01D /* CameraViewController.xib in Resources */ = {isa = PBXBuildFile; fileRef = FF4BF51E194845C50099B01D /* CameraViewController.xib */; };
		FF4BF522194847B90099B01D /* MediaPlayer.framework in Frameworks */ = {isa = PBXBuildFile; fileRef = FF4BF521194847B90099B01D /* MediaPlayer.framework */; };
		FF54EFE319149A1800025DC8 /* Foundation.framework in Frameworks */ = {isa = PBXBuildFile; fileRef = FF54EFE219149A1800025DC8 /* Foundation.framework */; };
		FF54EFE519149A1800025DC8 /* CoreGraphics.framework in Frameworks */ = {isa = PBXBuildFile; fileRef = FF54EFE419149A1800025DC8 /* CoreGraphics.framework */; };
		FF54EFE719149A1800025DC8 /* UIKit.framework in Frameworks */ = {isa = PBXBuildFile; fileRef = FF54EFE619149A1800025DC8 /* UIKit.framework */; };
		FF54EFED19149A1800025DC8 /* InfoPlist.strings in Resources */ = {isa = PBXBuildFile; fileRef = FF54EFEB19149A1800025DC8 /* InfoPlist.strings */; };
		FF54EFEF19149A1800025DC8 /* main.m in Sources */ = {isa = PBXBuildFile; fileRef = FF54EFEE19149A1800025DC8 /* main.m */; };
		FF54EFF319149A1800025DC8 /* AppDelegate.m in Sources */ = {isa = PBXBuildFile; fileRef = FF54EFF219149A1800025DC8 /* AppDelegate.m */; };
		FF54EFF919149A1800025DC8 /* ViewController.m in Sources */ = {isa = PBXBuildFile; fileRef = FF54EFF819149A1800025DC8 /* ViewController.m */; };
		FF54EFFB19149A1800025DC8 /* Images.xcassets in Resources */ = {isa = PBXBuildFile; fileRef = FF54EFFA19149A1800025DC8 /* Images.xcassets */; };
		FF54F00219149A1800025DC8 /* XCTest.framework in Frameworks */ = {isa = PBXBuildFile; fileRef = FF54F00119149A1800025DC8 /* XCTest.framework */; };
		FF54F00319149A1800025DC8 /* Foundation.framework in Frameworks */ = {isa = PBXBuildFile; fileRef = FF54EFE219149A1800025DC8 /* Foundation.framework */; };
		FF54F00419149A1800025DC8 /* UIKit.framework in Frameworks */ = {isa = PBXBuildFile; fileRef = FF54EFE619149A1800025DC8 /* UIKit.framework */; };
		FF54F00C19149A1800025DC8 /* InfoPlist.strings in Resources */ = {isa = PBXBuildFile; fileRef = FF54F00A19149A1800025DC8 /* InfoPlist.strings */; };
		FF54F00E19149A1800025DC8 /* GocciTests.m in Sources */ = {isa = PBXBuildFile; fileRef = FF54F00D19149A1800025DC8 /* GocciTests.m */; };
		FF54F0191914AF8C00025DC8 /* MenuTableViewController.m in Sources */ = {isa = PBXBuildFile; fileRef = FF54F0181914AF8C00025DC8 /* MenuTableViewController.m */; };
		FF54F01C1914B3C800025DC8 /* searchTableViewController.m in Sources */ = {isa = PBXBuildFile; fileRef = FF54F01B1914B3C800025DC8 /* searchTableViewController.m */; };
		FF54F01F1914B41500025DC8 /* RestaurantTableViewController.m in Sources */ = {isa = PBXBuildFile; fileRef = FF54F01E1914B41500025DC8 /* RestaurantTableViewController.m */; };
		FF7917061943153300D351B6 /* GoogleMaps.framework in Frameworks */ = {isa = PBXBuildFile; fileRef = FF7917051943153300D351B6 /* GoogleMaps.framework */; };
		FF79170819431A8500D351B6 /* GoogleMaps.bundle in Resources */ = {isa = PBXBuildFile; fileRef = FF79170719431A8500D351B6 /* GoogleMaps.bundle */; };
		FF79170919432CB800D351B6 /* CoreLocation.framework in Frameworks */ = {isa = PBXBuildFile; fileRef = FF8D84F719194F8B00939312 /* CoreLocation.framework */; };
		FF79170D19453FBD00D351B6 /* Sample2TableViewCell.m in Sources */ = {isa = PBXBuildFile; fileRef = FF79170B19453FBD00D351B6 /* Sample2TableViewCell.m */; };
		FF79170E19453FBD00D351B6 /* Sample2TableViewCell.xib in Resources */ = {isa = PBXBuildFile; fileRef = FF79170C19453FBD00D351B6 /* Sample2TableViewCell.xib */; };
		FF79171219457EAC00D351B6 /* Sample3TableViewCell.m in Sources */ = {isa = PBXBuildFile; fileRef = FF79171019457EAC00D351B6 /* Sample3TableViewCell.m */; };
		FF79171319457EAC00D351B6 /* Sample3TableViewCell.xib in Resources */ = {isa = PBXBuildFile; fileRef = FF79171119457EAC00D351B6 /* Sample3TableViewCell.xib */; };
		FF7917171946BB8E00D351B6 /* Sample4TableViewCell.m in Sources */ = {isa = PBXBuildFile; fileRef = FF7917151946BB8E00D351B6 /* Sample4TableViewCell.m */; };
		FF7917181946BB8E00D351B6 /* Sample4TableViewCell.xib in Resources */ = {isa = PBXBuildFile; fileRef = FF7917161946BB8E00D351B6 /* Sample4TableViewCell.xib */; };
		FF7917201946DF9D00D351B6 /* RDVCalendarDayCell.m in Sources */ = {isa = PBXBuildFile; fileRef = FF79171B1946DF9D00D351B6 /* RDVCalendarDayCell.m */; };
		FF7917211946DF9D00D351B6 /* RDVCalendarView.m in Sources */ = {isa = PBXBuildFile; fileRef = FF79171D1946DF9D00D351B6 /* RDVCalendarView.m */; };
		FF7917221946DF9D00D351B6 /* RDVCalendarViewController.m in Sources */ = {isa = PBXBuildFile; fileRef = FF79171F1946DF9D00D351B6 /* RDVCalendarViewController.m */; };
		FF79173D194833C500D351B6 /* AppendableVideoMaker.m in Sources */ = {isa = PBXBuildFile; fileRef = FF79172D194833C500D351B6 /* AppendableVideoMaker.m */; };
		FF8D84F619194F8200939312 /* MapKit.framework in Frameworks */ = {isa = PBXBuildFile; fileRef = FF8D84F519194F8200939312 /* MapKit.framework */; };
		FF8D8501191955F700939312 /* CustomAnnotation.m in Sources */ = {isa = PBXBuildFile; fileRef = FF8D8500191955F700939312 /* CustomAnnotation.m */; };
		FF97C433192470AE0025DD6A /* LoginViewController.m in Sources */ = {isa = PBXBuildFile; fileRef = FF97C432192470AE0025DD6A /* LoginViewController.m */; };
		FF97C43619247FD20025DD6A /* submitViewController.m in Sources */ = {isa = PBXBuildFile; fileRef = FF97C43519247FD20025DD6A /* submitViewController.m */; };
		FFCB3335192722F30096C38A /* Main.storyboard in Resources */ = {isa = PBXBuildFile; fileRef = FFCB3333192722F30096C38A /* Main.storyboard */; };
		FFE130D91943040600806B02 /* FacebookSDK.framework in Frameworks */ = {isa = PBXBuildFile; fileRef = FFE130D81943040500806B02 /* FacebookSDK.framework */; };
		FFF16B9019515EA7002FC793 /* CalendarViewController.m in Sources */ = {isa = PBXBuildFile; fileRef = FFF16B8F19515EA7002FC793 /* CalendarViewController.m */; };
		FFF16B9319515FBA002FC793 /* CalendarDayCell.m in Sources */ = {isa = PBXBuildFile; fileRef = FFF16B9219515FBA002FC793 /* CalendarDayCell.m */; };
		FFF16B9519528286002FC793 /* Parse.framework in Frameworks */ = {isa = PBXBuildFile; fileRef = FFF16B9419528286002FC793 /* Parse.framework */; };
		FFFB7536192DF7B800F32B8B /* Default-568h@2x.png in Resources */ = {isa = PBXBuildFile; fileRef = FFFB7535192DF7B800F32B8B /* Default-568h@2x.png */; };
/* End PBXBuildFile section */

/* Begin PBXContainerItemProxy section */
		FF54F00519149A1800025DC8 /* PBXContainerItemProxy */ = {
			isa = PBXContainerItemProxy;
			containerPortal = FF54EFD719149A1800025DC8 /* Project object */;
			proxyType = 1;
			remoteGlobalIDString = FF54EFDE19149A1800025DC8;
			remoteInfo = Gocci;
		};
/* End PBXContainerItemProxy section */

/* Begin PBXFileReference section */
		FF0BE40E193C47C1001A0053 /* SampleTableViewCell.h */ = {isa = PBXFileReference; fileEncoding = 4; lastKnownFileType = sourcecode.c.h; path = SampleTableViewCell.h; sourceTree = "<group>"; };
		FF0BE40F193C47C1001A0053 /* SampleTableViewCell.m */ = {isa = PBXFileReference; fileEncoding = 4; lastKnownFileType = sourcecode.c.objc; path = SampleTableViewCell.m; sourceTree = "<group>"; };
		FF0BE410193C47C1001A0053 /* SampleTableViewCell.xib */ = {isa = PBXFileReference; fileEncoding = 4; lastKnownFileType = file.xib; path = SampleTableViewCell.xib; sourceTree = "<group>"; };
		FF0BE413193C5C8E001A0053 /* appicon.png */ = {isa = PBXFileReference; lastKnownFileType = image.png; name = appicon.png; path = ../../icon/appicon.png; sourceTree = "<group>"; };
		FF0BE414193C5CCD001A0053 /* appicon@2x.png */ = {isa = PBXFileReference; lastKnownFileType = image.png; name = "appicon@2x.png"; path = "../../icon/appicon@2x.png"; sourceTree = "<group>"; };
		FF0BE415193C5D09001A0053 /* appicon-60@2x.png */ = {isa = PBXFileReference; lastKnownFileType = image.png; name = "appicon-60@2x.png"; path = "../../icon/appicon-60@2x.png"; sourceTree = "<group>"; };
		FF0BE416193C5D51001A0053 /* appicon-Small.png */ = {isa = PBXFileReference; lastKnownFileType = image.png; name = "appicon-Small.png"; path = "../../icon/appicon-Small.png"; sourceTree = "<group>"; };
		FF0BE417193C5D78001A0053 /* appicon-Small@2x.png */ = {isa = PBXFileReference; lastKnownFileType = image.png; name = "appicon-Small@2x.png"; path = "../../icon/appicon-Small@2x.png"; sourceTree = "<group>"; };
		FF0BE418193C5DB3001A0053 /* appicon-Small-40@2x.png */ = {isa = PBXFileReference; lastKnownFileType = image.png; name = "appicon-Small-40@2x.png"; path = "../../icon/appicon-Small-40@2x.png"; sourceTree = "<group>"; };
		FF0BE423193CAB31001A0053 /* QuartzCore.framework */ = {isa = PBXFileReference; lastKnownFileType = wrapper.framework; name = QuartzCore.framework; path = System/Library/Frameworks/QuartzCore.framework; sourceTree = SDKROOT; };
		FF0BE44B193ED59E001A0053 /* AVFoundation.framework */ = {isa = PBXFileReference; lastKnownFileType = wrapper.framework; name = AVFoundation.framework; path = System/Library/Frameworks/AVFoundation.framework; sourceTree = SDKROOT; };
		FF0BE44D193ED5A7001A0053 /* CoreData.framework */ = {isa = PBXFileReference; lastKnownFileType = wrapper.framework; name = CoreData.framework; path = System/Library/Frameworks/CoreData.framework; sourceTree = SDKROOT; };
		FF0BE44F193ED5C5001A0053 /* CoreText.framework */ = {isa = PBXFileReference; lastKnownFileType = wrapper.framework; name = CoreText.framework; path = System/Library/Frameworks/CoreText.framework; sourceTree = SDKROOT; };
		FF0BE451193ED5CD001A0053 /* GLKit.framework */ = {isa = PBXFileReference; lastKnownFileType = wrapper.framework; name = GLKit.framework; path = System/Library/Frameworks/GLKit.framework; sourceTree = SDKROOT; };
		FF0BE453193ED5D9001A0053 /* ImageIO.framework */ = {isa = PBXFileReference; lastKnownFileType = wrapper.framework; name = ImageIO.framework; path = System/Library/Frameworks/ImageIO.framework; sourceTree = SDKROOT; };
		FF0BE455193ED5E9001A0053 /* libc++.dylib */ = {isa = PBXFileReference; lastKnownFileType = "compiled.mach-o.dylib"; name = "libc++.dylib"; path = "usr/lib/libc++.dylib"; sourceTree = SDKROOT; };
		FF0BE457193ED5F8001A0053 /* libicucore.dylib */ = {isa = PBXFileReference; lastKnownFileType = "compiled.mach-o.dylib"; name = libicucore.dylib; path = usr/lib/libicucore.dylib; sourceTree = SDKROOT; };
		FF0BE459193ED61E001A0053 /* libz.dylib */ = {isa = PBXFileReference; lastKnownFileType = "compiled.mach-o.dylib"; name = libz.dylib; path = usr/lib/libz.dylib; sourceTree = SDKROOT; };
		FF0BE45B193ED626001A0053 /* OpenGLES.framework */ = {isa = PBXFileReference; lastKnownFileType = wrapper.framework; name = OpenGLES.framework; path = System/Library/Frameworks/OpenGLES.framework; sourceTree = SDKROOT; };
		FF0BE45D193ED63E001A0053 /* SystemConfiguration.framework */ = {isa = PBXFileReference; lastKnownFileType = wrapper.framework; name = SystemConfiguration.framework; path = System/Library/Frameworks/SystemConfiguration.framework; sourceTree = SDKROOT; };
		FF15E55E191E05F6007C34F7 /* LifelogTableViewController.h */ = {isa = PBXFileReference; fileEncoding = 4; lastKnownFileType = sourcecode.c.h; path = LifelogTableViewController.h; sourceTree = "<group>"; };
		FF15E55F191E05F6007C34F7 /* LifelogTableViewController.m */ = {isa = PBXFileReference; fileEncoding = 4; lastKnownFileType = sourcecode.c.objc; path = LifelogTableViewController.m; sourceTree = "<group>"; };
		FF15E561191E0731007C34F7 /* everyTableViewController.h */ = {isa = PBXFileReference; fileEncoding = 4; lastKnownFileType = sourcecode.c.h; path = everyTableViewController.h; sourceTree = "<group>"; };
		FF15E562191E0731007C34F7 /* everyTableViewController.m */ = {isa = PBXFileReference; fileEncoding = 4; lastKnownFileType = sourcecode.c.objc; path = everyTableViewController.m; sourceTree = "<group>"; };
		FF15E564191E0C2D007C34F7 /* TimelineTableViewController.h */ = {isa = PBXFileReference; fileEncoding = 4; lastKnownFileType = sourcecode.c.h; path = TimelineTableViewController.h; sourceTree = "<group>"; };
		FF15E565191E0C2D007C34F7 /* TimelineTableViewController.m */ = {isa = PBXFileReference; fileEncoding = 4; lastKnownFileType = sourcecode.c.objc; path = TimelineTableViewController.m; sourceTree = "<group>"; };
		FF4BF51C194845C50099B01D /* CameraViewController.h */ = {isa = PBXFileReference; fileEncoding = 4; lastKnownFileType = sourcecode.c.h; path = CameraViewController.h; sourceTree = "<group>"; };
		FF4BF51D194845C50099B01D /* CameraViewController.m */ = {isa = PBXFileReference; fileEncoding = 4; lastKnownFileType = sourcecode.c.objc; path = CameraViewController.m; sourceTree = "<group>"; };
		FF4BF51E194845C50099B01D /* CameraViewController.xib */ = {isa = PBXFileReference; fileEncoding = 4; lastKnownFileType = file.xib; path = CameraViewController.xib; sourceTree = "<group>"; };
		FF4BF521194847B90099B01D /* MediaPlayer.framework */ = {isa = PBXFileReference; lastKnownFileType = wrapper.framework; name = MediaPlayer.framework; path = System/Library/Frameworks/MediaPlayer.framework; sourceTree = SDKROOT; };
		FF54EFDF19149A1800025DC8 /* Gocci.app */ = {isa = PBXFileReference; explicitFileType = wrapper.application; includeInIndex = 0; path = Gocci.app; sourceTree = BUILT_PRODUCTS_DIR; };
		FF54EFE219149A1800025DC8 /* Foundation.framework */ = {isa = PBXFileReference; lastKnownFileType = wrapper.framework; name = Foundation.framework; path = System/Library/Frameworks/Foundation.framework; sourceTree = SDKROOT; };
		FF54EFE419149A1800025DC8 /* CoreGraphics.framework */ = {isa = PBXFileReference; lastKnownFileType = wrapper.framework; name = CoreGraphics.framework; path = System/Library/Frameworks/CoreGraphics.framework; sourceTree = SDKROOT; };
		FF54EFE619149A1800025DC8 /* UIKit.framework */ = {isa = PBXFileReference; lastKnownFileType = wrapper.framework; name = UIKit.framework; path = System/Library/Frameworks/UIKit.framework; sourceTree = SDKROOT; };
		FF54EFEA19149A1800025DC8 /* Gocci-Info.plist */ = {isa = PBXFileReference; lastKnownFileType = text.plist.xml; path = "Gocci-Info.plist"; sourceTree = "<group>"; };
		FF54EFEC19149A1800025DC8 /* en */ = {isa = PBXFileReference; lastKnownFileType = text.plist.strings; name = en; path = en.lproj/InfoPlist.strings; sourceTree = "<group>"; };
		FF54EFEE19149A1800025DC8 /* main.m */ = {isa = PBXFileReference; lastKnownFileType = sourcecode.c.objc; path = main.m; sourceTree = "<group>"; };
		FF54EFF019149A1800025DC8 /* Gocci-Prefix.pch */ = {isa = PBXFileReference; lastKnownFileType = sourcecode.c.h; path = "Gocci-Prefix.pch"; sourceTree = "<group>"; };
		FF54EFF119149A1800025DC8 /* AppDelegate.h */ = {isa = PBXFileReference; lastKnownFileType = sourcecode.c.h; path = AppDelegate.h; sourceTree = "<group>"; };
		FF54EFF219149A1800025DC8 /* AppDelegate.m */ = {isa = PBXFileReference; lastKnownFileType = sourcecode.c.objc; path = AppDelegate.m; sourceTree = "<group>"; };
		FF54EFF719149A1800025DC8 /* ViewController.h */ = {isa = PBXFileReference; lastKnownFileType = sourcecode.c.h; path = ViewController.h; sourceTree = "<group>"; };
		FF54EFF819149A1800025DC8 /* ViewController.m */ = {isa = PBXFileReference; lastKnownFileType = sourcecode.c.objc; path = ViewController.m; sourceTree = "<group>"; };
		FF54EFFA19149A1800025DC8 /* Images.xcassets */ = {isa = PBXFileReference; lastKnownFileType = folder.assetcatalog; path = Images.xcassets; sourceTree = "<group>"; };
		FF54F00019149A1800025DC8 /* GocciTests.xctest */ = {isa = PBXFileReference; explicitFileType = wrapper.cfbundle; includeInIndex = 0; path = GocciTests.xctest; sourceTree = BUILT_PRODUCTS_DIR; };
		FF54F00119149A1800025DC8 /* XCTest.framework */ = {isa = PBXFileReference; lastKnownFileType = wrapper.framework; name = XCTest.framework; path = Library/Frameworks/XCTest.framework; sourceTree = DEVELOPER_DIR; };
		FF54F00919149A1800025DC8 /* GocciTests-Info.plist */ = {isa = PBXFileReference; lastKnownFileType = text.plist.xml; path = "GocciTests-Info.plist"; sourceTree = "<group>"; };
		FF54F00B19149A1800025DC8 /* en */ = {isa = PBXFileReference; lastKnownFileType = text.plist.strings; name = en; path = en.lproj/InfoPlist.strings; sourceTree = "<group>"; };
		FF54F00D19149A1800025DC8 /* GocciTests.m */ = {isa = PBXFileReference; lastKnownFileType = sourcecode.c.objc; path = GocciTests.m; sourceTree = "<group>"; };
		FF54F0171914AF8C00025DC8 /* MenuTableViewController.h */ = {isa = PBXFileReference; fileEncoding = 4; lastKnownFileType = sourcecode.c.h; path = MenuTableViewController.h; sourceTree = "<group>"; };
		FF54F0181914AF8C00025DC8 /* MenuTableViewController.m */ = {isa = PBXFileReference; fileEncoding = 4; lastKnownFileType = sourcecode.c.objc; path = MenuTableViewController.m; sourceTree = "<group>"; };
		FF54F01A1914B3C800025DC8 /* searchTableViewController.h */ = {isa = PBXFileReference; fileEncoding = 4; lastKnownFileType = sourcecode.c.h; path = searchTableViewController.h; sourceTree = "<group>"; };
		FF54F01B1914B3C800025DC8 /* searchTableViewController.m */ = {isa = PBXFileReference; fileEncoding = 4; lastKnownFileType = sourcecode.c.objc; path = searchTableViewController.m; sourceTree = "<group>"; };
		FF54F01D1914B41500025DC8 /* RestaurantTableViewController.h */ = {isa = PBXFileReference; fileEncoding = 4; lastKnownFileType = sourcecode.c.h; path = RestaurantTableViewController.h; sourceTree = "<group>"; };
		FF54F01E1914B41500025DC8 /* RestaurantTableViewController.m */ = {isa = PBXFileReference; fileEncoding = 4; lastKnownFileType = sourcecode.c.objc; path = RestaurantTableViewController.m; sourceTree = "<group>"; };
		FF7917051943153300D351B6 /* GoogleMaps.framework */ = {isa = PBXFileReference; lastKnownFileType = wrapper.framework; path = GoogleMaps.framework; sourceTree = "<group>"; };
		FF79170719431A8500D351B6 /* GoogleMaps.bundle */ = {isa = PBXFileReference; lastKnownFileType = "wrapper.plug-in"; path = GoogleMaps.bundle; sourceTree = "<group>"; };
		FF79170A19453FBD00D351B6 /* Sample2TableViewCell.h */ = {isa = PBXFileReference; fileEncoding = 4; lastKnownFileType = sourcecode.c.h; path = Sample2TableViewCell.h; sourceTree = "<group>"; };
		FF79170B19453FBD00D351B6 /* Sample2TableViewCell.m */ = {isa = PBXFileReference; fileEncoding = 4; lastKnownFileType = sourcecode.c.objc; path = Sample2TableViewCell.m; sourceTree = "<group>"; };
		FF79170C19453FBD00D351B6 /* Sample2TableViewCell.xib */ = {isa = PBXFileReference; fileEncoding = 4; lastKnownFileType = file.xib; path = Sample2TableViewCell.xib; sourceTree = "<group>"; };
		FF79170F19457EAC00D351B6 /* Sample3TableViewCell.h */ = {isa = PBXFileReference; fileEncoding = 4; lastKnownFileType = sourcecode.c.h; path = Sample3TableViewCell.h; sourceTree = "<group>"; };
		FF79171019457EAC00D351B6 /* Sample3TableViewCell.m */ = {isa = PBXFileReference; fileEncoding = 4; lastKnownFileType = sourcecode.c.objc; path = Sample3TableViewCell.m; sourceTree = "<group>"; };
		FF79171119457EAC00D351B6 /* Sample3TableViewCell.xib */ = {isa = PBXFileReference; fileEncoding = 4; lastKnownFileType = file.xib; path = Sample3TableViewCell.xib; sourceTree = "<group>"; };
		FF7917141946BB8E00D351B6 /* Sample4TableViewCell.h */ = {isa = PBXFileReference; fileEncoding = 4; lastKnownFileType = sourcecode.c.h; path = Sample4TableViewCell.h; sourceTree = "<group>"; };
		FF7917151946BB8E00D351B6 /* Sample4TableViewCell.m */ = {isa = PBXFileReference; fileEncoding = 4; lastKnownFileType = sourcecode.c.objc; path = Sample4TableViewCell.m; sourceTree = "<group>"; };
		FF7917161946BB8E00D351B6 /* Sample4TableViewCell.xib */ = {isa = PBXFileReference; fileEncoding = 4; lastKnownFileType = file.xib; path = Sample4TableViewCell.xib; sourceTree = "<group>"; };
		FF79171A1946DF9D00D351B6 /* RDVCalendarDayCell.h */ = {isa = PBXFileReference; fileEncoding = 4; lastKnownFileType = sourcecode.c.h; path = RDVCalendarDayCell.h; sourceTree = "<group>"; };
		FF79171B1946DF9D00D351B6 /* RDVCalendarDayCell.m */ = {isa = PBXFileReference; fileEncoding = 4; lastKnownFileType = sourcecode.c.objc; path = RDVCalendarDayCell.m; sourceTree = "<group>"; };
		FF79171C1946DF9D00D351B6 /* RDVCalendarView.h */ = {isa = PBXFileReference; fileEncoding = 4; lastKnownFileType = sourcecode.c.h; path = RDVCalendarView.h; sourceTree = "<group>"; };
		FF79171D1946DF9D00D351B6 /* RDVCalendarView.m */ = {isa = PBXFileReference; fileEncoding = 4; lastKnownFileType = sourcecode.c.objc; path = RDVCalendarView.m; sourceTree = "<group>"; };
		FF79171E1946DF9D00D351B6 /* RDVCalendarViewController.h */ = {isa = PBXFileReference; fileEncoding = 4; lastKnownFileType = sourcecode.c.h; path = RDVCalendarViewController.h; sourceTree = "<group>"; };
		FF79171F1946DF9D00D351B6 /* RDVCalendarViewController.m */ = {isa = PBXFileReference; fileEncoding = 4; lastKnownFileType = sourcecode.c.objc; path = RDVCalendarViewController.m; sourceTree = "<group>"; };
		FF79172C194833C500D351B6 /* AppendableVideoMaker.h */ = {isa = PBXFileReference; fileEncoding = 4; lastKnownFileType = sourcecode.c.h; name = AppendableVideoMaker.h; path = AppendableVideoMakerExample/AppendableVideoMaker.h; sourceTree = "<group>"; };
		FF79172D194833C500D351B6 /* AppendableVideoMaker.m */ = {isa = PBXFileReference; fileEncoding = 4; lastKnownFileType = sourcecode.c.objc; name = AppendableVideoMaker.m; path = AppendableVideoMakerExample/AppendableVideoMaker.m; sourceTree = "<group>"; };
		FF8D84F519194F8200939312 /* MapKit.framework */ = {isa = PBXFileReference; lastKnownFileType = wrapper.framework; name = MapKit.framework; path = System/Library/Frameworks/MapKit.framework; sourceTree = SDKROOT; };
		FF8D84F719194F8B00939312 /* CoreLocation.framework */ = {isa = PBXFileReference; lastKnownFileType = wrapper.framework; name = CoreLocation.framework; path = System/Library/Frameworks/CoreLocation.framework; sourceTree = SDKROOT; };
		FF8D84FF191955F700939312 /* CustomAnnotation.h */ = {isa = PBXFileReference; fileEncoding = 4; lastKnownFileType = sourcecode.c.h; path = CustomAnnotation.h; sourceTree = "<group>"; };
		FF8D8500191955F700939312 /* CustomAnnotation.m */ = {isa = PBXFileReference; fileEncoding = 4; lastKnownFileType = sourcecode.c.objc; path = CustomAnnotation.m; sourceTree = "<group>"; };
		FF97C431192470AE0025DD6A /* LoginViewController.h */ = {isa = PBXFileReference; fileEncoding = 4; lastKnownFileType = sourcecode.c.h; path = LoginViewController.h; sourceTree = "<group>"; };
		FF97C432192470AE0025DD6A /* LoginViewController.m */ = {isa = PBXFileReference; fileEncoding = 4; lastKnownFileType = sourcecode.c.objc; path = LoginViewController.m; sourceTree = "<group>"; };
		FF97C43419247FD20025DD6A /* submitViewController.h */ = {isa = PBXFileReference; fileEncoding = 4; lastKnownFileType = sourcecode.c.h; path = submitViewController.h; sourceTree = "<group>"; };
		FF97C43519247FD20025DD6A /* submitViewController.m */ = {isa = PBXFileReference; fileEncoding = 4; lastKnownFileType = sourcecode.c.objc; path = submitViewController.m; sourceTree = "<group>"; };
		FFCB3334192722F30096C38A /* Base */ = {isa = PBXFileReference; lastKnownFileType = file.storyboard; name = Base; path = Base.lproj/Main.storyboard; sourceTree = "<group>"; };
		FFE130D81943040500806B02 /* FacebookSDK.framework */ = {isa = PBXFileReference; lastKnownFileType = wrapper.framework; path = FacebookSDK.framework; sourceTree = "<group>"; };
		FFF16B8E19515EA7002FC793 /* CalendarViewController.h */ = {isa = PBXFileReference; fileEncoding = 4; lastKnownFileType = sourcecode.c.h; path = CalendarViewController.h; sourceTree = "<group>"; };
		FFF16B8F19515EA7002FC793 /* CalendarViewController.m */ = {isa = PBXFileReference; fileEncoding = 4; lastKnownFileType = sourcecode.c.objc; path = CalendarViewController.m; sourceTree = "<group>"; };
		FFF16B9119515FBA002FC793 /* CalendarDayCell.h */ = {isa = PBXFileReference; fileEncoding = 4; lastKnownFileType = sourcecode.c.h; path = CalendarDayCell.h; sourceTree = "<group>"; };
		FFF16B9219515FBA002FC793 /* CalendarDayCell.m */ = {isa = PBXFileReference; fileEncoding = 4; lastKnownFileType = sourcecode.c.objc; path = CalendarDayCell.m; sourceTree = "<group>"; };
		FFF16B9419528286002FC793 /* Parse.framework */ = {isa = PBXFileReference; lastKnownFileType = wrapper.framework; path = Parse.framework; sourceTree = "<group>"; };
		FFFB7535192DF7B800F32B8B /* Default-568h@2x.png */ = {isa = PBXFileReference; lastKnownFileType = image.png; path = "Default-568h@2x.png"; sourceTree = "<group>"; };
/* End PBXFileReference section */

/* Begin PBXFrameworksBuildPhase section */
		FF54EFDC19149A1800025DC8 /* Frameworks */ = {
			isa = PBXFrameworksBuildPhase;
			buildActionMask = 2147483647;
			files = (
				FF4BF522194847B90099B01D /* MediaPlayer.framework in Frameworks */,
				FF79170919432CB800D351B6 /* CoreLocation.framework in Frameworks */,
				FF0BE424193CAB31001A0053 /* QuartzCore.framework in Frameworks */,
				FF0BE45E193ED63E001A0053 /* SystemConfiguration.framework in Frameworks */,
				FF0BE45C193ED626001A0053 /* OpenGLES.framework in Frameworks */,
				FF0BE45A193ED61E001A0053 /* libz.dylib in Frameworks */,
				FF0BE458193ED5F8001A0053 /* libicucore.dylib in Frameworks */,
				FF7917061943153300D351B6 /* GoogleMaps.framework in Frameworks */,
				FF0BE456193ED5E9001A0053 /* libc++.dylib in Frameworks */,
				FF0BE454193ED5D9001A0053 /* ImageIO.framework in Frameworks */,
				FFE130D91943040600806B02 /* FacebookSDK.framework in Frameworks */,
				FF0BE452193ED5CD001A0053 /* GLKit.framework in Frameworks */,
				FF0BE450193ED5C5001A0053 /* CoreText.framework in Frameworks */,
				FF0BE44E193ED5A7001A0053 /* CoreData.framework in Frameworks */,
				FFF16B9519528286002FC793 /* Parse.framework in Frameworks */,
				FF0BE44C193ED59E001A0053 /* AVFoundation.framework in Frameworks */,
				FF8D84F619194F8200939312 /* MapKit.framework in Frameworks */,
				FF54EFE519149A1800025DC8 /* CoreGraphics.framework in Frameworks */,
				FF54EFE719149A1800025DC8 /* UIKit.framework in Frameworks */,
				FF54EFE319149A1800025DC8 /* Foundation.framework in Frameworks */,
			);
			runOnlyForDeploymentPostprocessing = 0;
		};
		FF54EFFD19149A1800025DC8 /* Frameworks */ = {
			isa = PBXFrameworksBuildPhase;
			buildActionMask = 2147483647;
			files = (
				FF54F00219149A1800025DC8 /* XCTest.framework in Frameworks */,
				FF54F00419149A1800025DC8 /* UIKit.framework in Frameworks */,
				FF54F00319149A1800025DC8 /* Foundation.framework in Frameworks */,
			);
			runOnlyForDeploymentPostprocessing = 0;
		};
/* End PBXFrameworksBuildPhase section */

/* Begin PBXGroup section */
		FF54EFD619149A1800025DC8 = {
			isa = PBXGroup;
			children = (
				FF79170719431A8500D351B6 /* GoogleMaps.bundle */,
				FF0BE418193C5DB3001A0053 /* appicon-Small-40@2x.png */,
				FF0BE417193C5D78001A0053 /* appicon-Small@2x.png */,
				FF0BE416193C5D51001A0053 /* appicon-Small.png */,
				FF0BE415193C5D09001A0053 /* appicon-60@2x.png */,
				FF0BE414193C5CCD001A0053 /* appicon@2x.png */,
				FF0BE413193C5C8E001A0053 /* appicon.png */,
				FFFB7535192DF7B800F32B8B /* Default-568h@2x.png */,
				FF54EFE819149A1800025DC8 /* Gocci */,
				FF54F00719149A1800025DC8 /* GocciTests */,
				FF54EFE119149A1800025DC8 /* Frameworks */,
				FF54EFE019149A1800025DC8 /* Products */,
			);
			sourceTree = "<group>";
		};
		FF54EFE019149A1800025DC8 /* Products */ = {
			isa = PBXGroup;
			children = (
				FF54EFDF19149A1800025DC8 /* Gocci.app */,
				FF54F00019149A1800025DC8 /* GocciTests.xctest */,
			);
			name = Products;
			sourceTree = "<group>";
		};
		FF54EFE119149A1800025DC8 /* Frameworks */ = {
			isa = PBXGroup;
			children = (
				FFF16B9419528286002FC793 /* Parse.framework */,
				FF4BF521194847B90099B01D /* MediaPlayer.framework */,
				FF7917051943153300D351B6 /* GoogleMaps.framework */,
				FFE130D81943040500806B02 /* FacebookSDK.framework */,
				FF0BE45D193ED63E001A0053 /* SystemConfiguration.framework */,
				FF0BE45B193ED626001A0053 /* OpenGLES.framework */,
				FF0BE459193ED61E001A0053 /* libz.dylib */,
				FF0BE457193ED5F8001A0053 /* libicucore.dylib */,
				FF0BE455193ED5E9001A0053 /* libc++.dylib */,
				FF0BE453193ED5D9001A0053 /* ImageIO.framework */,
				FF0BE451193ED5CD001A0053 /* GLKit.framework */,
				FF0BE44F193ED5C5001A0053 /* CoreText.framework */,
				FF0BE44D193ED5A7001A0053 /* CoreData.framework */,
				FF0BE44B193ED59E001A0053 /* AVFoundation.framework */,
				FF0BE423193CAB31001A0053 /* QuartzCore.framework */,
				FF8D84F719194F8B00939312 /* CoreLocation.framework */,
				FF8D84F519194F8200939312 /* MapKit.framework */,
				FF54EFE219149A1800025DC8 /* Foundation.framework */,
				FF54EFE419149A1800025DC8 /* CoreGraphics.framework */,
				FF54EFE619149A1800025DC8 /* UIKit.framework */,
				FF54F00119149A1800025DC8 /* XCTest.framework */,
			);
			name = Frameworks;
			sourceTree = "<group>";
		};
		FF54EFE819149A1800025DC8 /* Gocci */ = {
			isa = PBXGroup;
			children = (
				FF54EFF119149A1800025DC8 /* AppDelegate.h */,
				FF54EFF219149A1800025DC8 /* AppDelegate.m */,
				FF54EFF719149A1800025DC8 /* ViewController.h */,
				FF54EFF819149A1800025DC8 /* ViewController.m */,
				FFCB3333192722F30096C38A /* Main.storyboard */,
				FF54EFFA19149A1800025DC8 /* Images.xcassets */,
				FF54EFE919149A1800025DC8 /* Supporting Files */,
				FF54F0171914AF8C00025DC8 /* MenuTableViewController.h */,
				FF54F0181914AF8C00025DC8 /* MenuTableViewController.m */,
				FF97C43519247FD20025DD6A /* submitViewController.m */,
				FF97C43419247FD20025DD6A /* submitViewController.h */,
				FF54F01A1914B3C800025DC8 /* searchTableViewController.h */,
				FF54F01B1914B3C800025DC8 /* searchTableViewController.m */,
				FF0BE40E193C47C1001A0053 /* SampleTableViewCell.h */,
				FF0BE40F193C47C1001A0053 /* SampleTableViewCell.m */,
				FF0BE410193C47C1001A0053 /* SampleTableViewCell.xib */,
				FF54F01D1914B41500025DC8 /* RestaurantTableViewController.h */,
				FF54F01E1914B41500025DC8 /* RestaurantTableViewController.m */,
				FF79170F19457EAC00D351B6 /* Sample3TableViewCell.h */,
				FF79171019457EAC00D351B6 /* Sample3TableViewCell.m */,
				FF79171119457EAC00D351B6 /* Sample3TableViewCell.xib */,
				FF97C431192470AE0025DD6A /* LoginViewController.h */,
				FF97C432192470AE0025DD6A /* LoginViewController.m */,
				FF4BF51C194845C50099B01D /* CameraViewController.h */,
				FF4BF51D194845C50099B01D /* CameraViewController.m */,
				FF4BF51E194845C50099B01D /* CameraViewController.xib */,
				FF79172C194833C500D351B6 /* AppendableVideoMaker.h */,
				FF79172D194833C500D351B6 /* AppendableVideoMaker.m */,
				FF15E55E191E05F6007C34F7 /* LifelogTableViewController.h */,
				FF15E55F191E05F6007C34F7 /* LifelogTableViewController.m */,
				FFF16B8E19515EA7002FC793 /* CalendarViewController.h */,
				FFF16B8F19515EA7002FC793 /* CalendarViewController.m */,
				FFF16B9119515FBA002FC793 /* CalendarDayCell.h */,
				FFF16B9219515FBA002FC793 /* CalendarDayCell.m */,
				FF15E561191E0731007C34F7 /* everyTableViewController.h */,
				FF15E562191E0731007C34F7 /* everyTableViewController.m */,
				FF7917141946BB8E00D351B6 /* Sample4TableViewCell.h */,
				FF7917151946BB8E00D351B6 /* Sample4TableViewCell.m */,
				FF7917161946BB8E00D351B6 /* Sample4TableViewCell.xib */,
				FF15E564191E0C2D007C34F7 /* TimelineTableViewController.h */,
				FF15E565191E0C2D007C34F7 /* TimelineTableViewController.m */,
				FF79170A19453FBD00D351B6 /* Sample2TableViewCell.h */,
				FF79170B19453FBD00D351B6 /* Sample2TableViewCell.m */,
				FF79170C19453FBD00D351B6 /* Sample2TableViewCell.xib */,
				FF7917191946DF9D00D351B6 /* RDVCalendarView */,
			);
			path = Gocci;
			sourceTree = "<group>";
		};
		FF54EFE919149A1800025DC8 /* Supporting Files */ = {
			isa = PBXGroup;
			children = (
				FF54EFEA19149A1800025DC8 /* Gocci-Info.plist */,
				FF54EFEB19149A1800025DC8 /* InfoPlist.strings */,
				FF54EFEE19149A1800025DC8 /* main.m */,
				FF54EFF019149A1800025DC8 /* Gocci-Prefix.pch */,
				FF8D84FF191955F700939312 /* CustomAnnotation.h */,
				FF8D8500191955F700939312 /* CustomAnnotation.m */,
			);
			name = "Supporting Files";
			sourceTree = "<group>";
		};
		FF54F00719149A1800025DC8 /* GocciTests */ = {
			isa = PBXGroup;
			children = (
				FF54F00D19149A1800025DC8 /* GocciTests.m */,
				FF54F00819149A1800025DC8 /* Supporting Files */,
			);
			path = GocciTests;
			sourceTree = "<group>";
		};
		FF54F00819149A1800025DC8 /* Supporting Files */ = {
			isa = PBXGroup;
			children = (
				FF54F00919149A1800025DC8 /* GocciTests-Info.plist */,
				FF54F00A19149A1800025DC8 /* InfoPlist.strings */,
			);
			name = "Supporting Files";
			sourceTree = "<group>";
		};
		FF7917191946DF9D00D351B6 /* RDVCalendarView */ = {
			isa = PBXGroup;
			children = (
				FF79171A1946DF9D00D351B6 /* RDVCalendarDayCell.h */,
				FF79171B1946DF9D00D351B6 /* RDVCalendarDayCell.m */,
				FF79171C1946DF9D00D351B6 /* RDVCalendarView.h */,
				FF79171D1946DF9D00D351B6 /* RDVCalendarView.m */,
				FF79171E1946DF9D00D351B6 /* RDVCalendarViewController.h */,
				FF79171F1946DF9D00D351B6 /* RDVCalendarViewController.m */,
			);
			path = RDVCalendarView;
			sourceTree = "<group>";
		};
/* End PBXGroup section */

/* Begin PBXNativeTarget section */
		FF54EFDE19149A1800025DC8 /* Gocci */ = {
			isa = PBXNativeTarget;
			buildConfigurationList = FF54F01119149A1900025DC8 /* Build configuration list for PBXNativeTarget "Gocci" */;
			buildPhases = (
				FF54EFDB19149A1800025DC8 /* Sources */,
				FF54EFDC19149A1800025DC8 /* Frameworks */,
				FF54EFDD19149A1800025DC8 /* Resources */,
			);
			buildRules = (
			);
			dependencies = (
			);
			name = Gocci;
			productName = Gocci;
			productReference = FF54EFDF19149A1800025DC8 /* Gocci.app */;
			productType = "com.apple.product-type.application";
		};
		FF54EFFF19149A1800025DC8 /* GocciTests */ = {
			isa = PBXNativeTarget;
			buildConfigurationList = FF54F01419149A1900025DC8 /* Build configuration list for PBXNativeTarget "GocciTests" */;
			buildPhases = (
				FF54EFFC19149A1800025DC8 /* Sources */,
				FF54EFFD19149A1800025DC8 /* Frameworks */,
				FF54EFFE19149A1800025DC8 /* Resources */,
			);
			buildRules = (
			);
			dependencies = (
				FF54F00619149A1800025DC8 /* PBXTargetDependency */,
			);
			name = GocciTests;
			productName = GocciTests;
			productReference = FF54F00019149A1800025DC8 /* GocciTests.xctest */;
			productType = "com.apple.product-type.bundle.unit-test";
		};
/* End PBXNativeTarget section */

/* Begin PBXProject section */
		FF54EFD719149A1800025DC8 /* Project object */ = {
			isa = PBXProject;
			attributes = {
				LastUpgradeCheck = 0510;
				ORGANIZATIONNAME = Massara;
				TargetAttributes = {
					FF54EFDE19149A1800025DC8 = {
						DevelopmentTeam = EY9SSB5TM5;
					};
					FF54EFFF19149A1800025DC8 = {
						TestTargetID = FF54EFDE19149A1800025DC8;
					};
				};
			};
			buildConfigurationList = FF54EFDA19149A1800025DC8 /* Build configuration list for PBXProject "Gocci" */;
			compatibilityVersion = "Xcode 3.2";
			developmentRegion = English;
			hasScannedForEncodings = 0;
			knownRegions = (
				en,
				Base,
			);
			mainGroup = FF54EFD619149A1800025DC8;
			productRefGroup = FF54EFE019149A1800025DC8 /* Products */;
			projectDirPath = "";
			projectRoot = "";
			targets = (
				FF54EFDE19149A1800025DC8 /* Gocci */,
				FF54EFFF19149A1800025DC8 /* GocciTests */,
			);
		};
/* End PBXProject section */

/* Begin PBXResourcesBuildPhase section */
		FF54EFDD19149A1800025DC8 /* Resources */ = {
			isa = PBXResourcesBuildPhase;
			buildActionMask = 2147483647;
			files = (
				FFCB3335192722F30096C38A /* Main.storyboard in Resources */,
				FF7917181946BB8E00D351B6 /* Sample4TableViewCell.xib in Resources */,
				FF79171319457EAC00D351B6 /* Sample3TableViewCell.xib in Resources */,
				FF79170819431A8500D351B6 /* GoogleMaps.bundle in Resources */,
				FF0BE412193C47C2001A0053 /* SampleTableViewCell.xib in Resources */,
				FFFB7536192DF7B800F32B8B /* Default-568h@2x.png in Resources */,
				FF4BF520194845C50099B01D /* CameraViewController.xib in Resources */,
				FF54EFFB19149A1800025DC8 /* Images.xcassets in Resources */,
				FF79170E19453FBD00D351B6 /* Sample2TableViewCell.xib in Resources */,
				FF54EFED19149A1800025DC8 /* InfoPlist.strings in Resources */,
			);
			runOnlyForDeploymentPostprocessing = 0;
		};
		FF54EFFE19149A1800025DC8 /* Resources */ = {
			isa = PBXResourcesBuildPhase;
			buildActionMask = 2147483647;
			files = (
				FF54F00C19149A1800025DC8 /* InfoPlist.strings in Resources */,
			);
			runOnlyForDeploymentPostprocessing = 0;
		};
/* End PBXResourcesBuildPhase section */

/* Begin PBXSourcesBuildPhase section */
		FF54EFDB19149A1800025DC8 /* Sources */ = {
			isa = PBXSourcesBuildPhase;
			buildActionMask = 2147483647;
			files = (
				FF54F01F1914B41500025DC8 /* RestaurantTableViewController.m in Sources */,
				FF7917221946DF9D00D351B6 /* RDVCalendarViewController.m in Sources */,
				FF97C43619247FD20025DD6A /* submitViewController.m in Sources */,
				FF54F01C1914B3C800025DC8 /* searchTableViewController.m in Sources */,
				FF79171219457EAC00D351B6 /* Sample3TableViewCell.m in Sources */,
				FFF16B9319515FBA002FC793 /* CalendarDayCell.m in Sources */,
				FF54F0191914AF8C00025DC8 /* MenuTableViewController.m in Sources */,
				FF0BE411193C47C2001A0053 /* SampleTableViewCell.m in Sources */,
				FF15E563191E0731007C34F7 /* everyTableViewController.m in Sources */,
				FF79170D19453FBD00D351B6 /* Sample2TableViewCell.m in Sources */,
				FF7917201946DF9D00D351B6 /* RDVCalendarDayCell.m in Sources */,
				FFF16B9019515EA7002FC793 /* CalendarViewController.m in Sources */,
				FF7917211946DF9D00D351B6 /* RDVCalendarView.m in Sources */,
				FF54EFF919149A1800025DC8 /* ViewController.m in Sources */,
				FF54EFF319149A1800025DC8 /* AppDelegate.m in Sources */,
				FF7917171946BB8E00D351B6 /* Sample4TableViewCell.m in Sources */,
				FF8D8501191955F700939312 /* CustomAnnotation.m in Sources */,
				FF97C433192470AE0025DD6A /* LoginViewController.m in Sources */,
				FF54EFEF19149A1800025DC8 /* main.m in Sources */,
				FF4BF51F194845C50099B01D /* CameraViewController.m in Sources */,
				FF15E566191E0C2D007C34F7 /* TimelineTableViewController.m in Sources */,
				FF15E560191E05F6007C34F7 /* LifelogTableViewController.m in Sources */,
				FF79173D194833C500D351B6 /* AppendableVideoMaker.m in Sources */,
			);
			runOnlyForDeploymentPostprocessing = 0;
		};
		FF54EFFC19149A1800025DC8 /* Sources */ = {
			isa = PBXSourcesBuildPhase;
			buildActionMask = 2147483647;
			files = (
				FF54F00E19149A1800025DC8 /* GocciTests.m in Sources */,
			);
			runOnlyForDeploymentPostprocessing = 0;
		};
/* End PBXSourcesBuildPhase section */

/* Begin PBXTargetDependency section */
		FF54F00619149A1800025DC8 /* PBXTargetDependency */ = {
			isa = PBXTargetDependency;
			target = FF54EFDE19149A1800025DC8 /* Gocci */;
			targetProxy = FF54F00519149A1800025DC8 /* PBXContainerItemProxy */;
		};
/* End PBXTargetDependency section */

/* Begin PBXVariantGroup section */
		FF54EFEB19149A1800025DC8 /* InfoPlist.strings */ = {
			isa = PBXVariantGroup;
			children = (
				FF54EFEC19149A1800025DC8 /* en */,
			);
			name = InfoPlist.strings;
			sourceTree = "<group>";
		};
		FF54F00A19149A1800025DC8 /* InfoPlist.strings */ = {
			isa = PBXVariantGroup;
			children = (
				FF54F00B19149A1800025DC8 /* en */,
			);
			name = InfoPlist.strings;
			sourceTree = "<group>";
		};
		FFCB3333192722F30096C38A /* Main.storyboard */ = {
			isa = PBXVariantGroup;
			children = (
				FFCB3334192722F30096C38A /* Base */,
			);
			name = Main.storyboard;
			sourceTree = "<group>";
		};
/* End PBXVariantGroup section */

/* Begin XCBuildConfiguration section */
		FF54F00F19149A1900025DC8 /* Debug */ = {
			isa = XCBuildConfiguration;
			buildSettings = {
				ALWAYS_SEARCH_USER_PATHS = NO;
				CLANG_CXX_LANGUAGE_STANDARD = "gnu++0x";
				CLANG_CXX_LIBRARY = "libc++";
				CLANG_ENABLE_MODULES = YES;
				CLANG_ENABLE_OBJC_ARC = YES;
				CLANG_WARN_BOOL_CONVERSION = YES;
				CLANG_WARN_CONSTANT_CONVERSION = YES;
				CLANG_WARN_DIRECT_OBJC_ISA_USAGE = YES_ERROR;
				CLANG_WARN_EMPTY_BODY = YES;
				CLANG_WARN_ENUM_CONVERSION = YES;
				CLANG_WARN_INT_CONVERSION = YES;
				CLANG_WARN_OBJC_ROOT_CLASS = YES_ERROR;
				CLANG_WARN__DUPLICATE_METHOD_MATCH = YES;
				"CODE_SIGN_IDENTITY[sdk=iphoneos*]" = "iPhone Developer";
				COPY_PHASE_STRIP = NO;
				GCC_C_LANGUAGE_STANDARD = gnu99;
				GCC_DYNAMIC_NO_PIC = NO;
				GCC_OPTIMIZATION_LEVEL = 0;
				GCC_PREPROCESSOR_DEFINITIONS = (
					"DEBUG=1",
					"$(inherited)",
				);
				GCC_SYMBOLS_PRIVATE_EXTERN = NO;
				GCC_WARN_64_TO_32_BIT_CONVERSION = YES;
				GCC_WARN_ABOUT_RETURN_TYPE = YES_ERROR;
				GCC_WARN_UNDECLARED_SELECTOR = YES;
				GCC_WARN_UNINITIALIZED_AUTOS = YES_AGGRESSIVE;
				GCC_WARN_UNUSED_FUNCTION = YES;
				GCC_WARN_UNUSED_VARIABLE = YES;
				IPHONEOS_DEPLOYMENT_TARGET = 7.1;
				ONLY_ACTIVE_ARCH = YES;
				SDKROOT = iphoneos;
			};
			name = Debug;
		};
		FF54F01019149A1900025DC8 /* Release */ = {
			isa = XCBuildConfiguration;
			buildSettings = {
				ALWAYS_SEARCH_USER_PATHS = NO;
				CLANG_CXX_LANGUAGE_STANDARD = "gnu++0x";
				CLANG_CXX_LIBRARY = "libc++";
				CLANG_ENABLE_MODULES = YES;
				CLANG_ENABLE_OBJC_ARC = YES;
				CLANG_WARN_BOOL_CONVERSION = YES;
				CLANG_WARN_CONSTANT_CONVERSION = YES;
				CLANG_WARN_DIRECT_OBJC_ISA_USAGE = YES_ERROR;
				CLANG_WARN_EMPTY_BODY = YES;
				CLANG_WARN_ENUM_CONVERSION = YES;
				CLANG_WARN_INT_CONVERSION = YES;
				CLANG_WARN_OBJC_ROOT_CLASS = YES_ERROR;
				CLANG_WARN__DUPLICATE_METHOD_MATCH = YES;
				"CODE_SIGN_IDENTITY[sdk=iphoneos*]" = "iPhone Developer";
				COPY_PHASE_STRIP = YES;
				ENABLE_NS_ASSERTIONS = NO;
				GCC_C_LANGUAGE_STANDARD = gnu99;
				GCC_WARN_64_TO_32_BIT_CONVERSION = YES;
				GCC_WARN_ABOUT_RETURN_TYPE = YES_ERROR;
				GCC_WARN_UNDECLARED_SELECTOR = YES;
				GCC_WARN_UNINITIALIZED_AUTOS = YES_AGGRESSIVE;
				GCC_WARN_UNUSED_FUNCTION = YES;
				GCC_WARN_UNUSED_VARIABLE = YES;
				IPHONEOS_DEPLOYMENT_TARGET = 7.1;
				SDKROOT = iphoneos;
				VALIDATE_PRODUCT = YES;
			};
			name = Release;
		};
		FF54F01219149A1900025DC8 /* Debug */ = {
			isa = XCBuildConfiguration;
			buildSettings = {
				ARCHS = (
					"$(ARCHS_STANDARD)",
					armv7,
				);
				ASSETCATALOG_COMPILER_APPICON_NAME = "AppIcon-2";
				ASSETCATALOG_COMPILER_LAUNCHIMAGE_NAME = "LaunchImage-2";
				CODE_SIGN_IDENTITY = "iPhone Developer";
				FRAMEWORK_SEARCH_PATHS = "$(PROJECT_DIR)";
				GCC_PRECOMPILE_PREFIX_HEADER = YES;
				GCC_PREFIX_HEADER = "Gocci/Gocci-Prefix.pch";
				INFOPLIST_FILE = "Gocci/Gocci-Info.plist";
				IPHONEOS_DEPLOYMENT_TARGET = 6.0;
				LD_MAP_FILE_PATH = "";
				OTHER_LDFLAGS = "-ObjC";
				PRODUCT_NAME = "$(TARGET_NAME)";
				WRAPPER_EXTENSION = app;
			};
			name = Debug;
		};
		FF54F01319149A1900025DC8 /* Release */ = {
			isa = XCBuildConfiguration;
			buildSettings = {
				ARCHS = (
					"$(ARCHS_STANDARD)",
					armv7,
				);
				ASSETCATALOG_COMPILER_APPICON_NAME = "AppIcon-2";
				ASSETCATALOG_COMPILER_LAUNCHIMAGE_NAME = "LaunchImage-2";
				CODE_SIGN_IDENTITY = "iPhone Developer";
				FRAMEWORK_SEARCH_PATHS = "$(PROJECT_DIR)";
				GCC_PRECOMPILE_PREFIX_HEADER = YES;
				GCC_PREFIX_HEADER = "Gocci/Gocci-Prefix.pch";
				INFOPLIST_FILE = "Gocci/Gocci-Info.plist";
				IPHONEOS_DEPLOYMENT_TARGET = 6.0;
				LD_MAP_FILE_PATH = "";
				OTHER_LDFLAGS = "-ObjC";
				PRODUCT_NAME = "$(TARGET_NAME)";
				WRAPPER_EXTENSION = app;
			};
			name = Release;
		};
		FF54F01519149A1900025DC8 /* Debug */ = {
			isa = XCBuildConfiguration;
			buildSettings = {
				BUNDLE_LOADER = "$(BUILT_PRODUCTS_DIR)/Gocci.app/Gocci";
				FRAMEWORK_SEARCH_PATHS = (
					"$(SDKROOT)/Developer/Library/Frameworks",
					"$(inherited)",
					"$(DEVELOPER_FRAMEWORKS_DIR)",
				);
				GCC_PRECOMPILE_PREFIX_HEADER = YES;
				GCC_PREFIX_HEADER = "Gocci/Gocci-Prefix.pch";
				GCC_PREPROCESSOR_DEFINITIONS = (
					"DEBUG=1",
					"$(inherited)",
				);
				INFOPLIST_FILE = "GocciTests/GocciTests-Info.plist";
				PRODUCT_NAME = "$(TARGET_NAME)";
				TEST_HOST = "$(BUNDLE_LOADER)";
				WRAPPER_EXTENSION = xctest;
			};
			name = Debug;
		};
		FF54F01619149A1900025DC8 /* Release */ = {
			isa = XCBuildConfiguration;
			buildSettings = {
				BUNDLE_LOADER = "$(BUILT_PRODUCTS_DIR)/Gocci.app/Gocci";
				FRAMEWORK_SEARCH_PATHS = (
					"$(SDKROOT)/Developer/Library/Frameworks",
					"$(inherited)",
					"$(DEVELOPER_FRAMEWORKS_DIR)",
				);
				GCC_PRECOMPILE_PREFIX_HEADER = YES;
				GCC_PREFIX_HEADER = "Gocci/Gocci-Prefix.pch";
				INFOPLIST_FILE = "GocciTests/GocciTests-Info.plist";
				PRODUCT_NAME = "$(TARGET_NAME)";
				TEST_HOST = "$(BUNDLE_LOADER)";
				WRAPPER_EXTENSION = xctest;
			};
			name = Release;
		};
/* End XCBuildConfiguration section */

/* Begin XCConfigurationList section */
		FF54EFDA19149A1800025DC8 /* Build configuration list for PBXProject "Gocci" */ = {
			isa = XCConfigurationList;
			buildConfigurations = (
				FF54F00F19149A1900025DC8 /* Debug */,
				FF54F01019149A1900025DC8 /* Release */,
			);
			defaultConfigurationIsVisible = 0;
			defaultConfigurationName = Release;
		};
		FF54F01119149A1900025DC8 /* Build configuration list for PBXNativeTarget "Gocci" */ = {
			isa = XCConfigurationList;
			buildConfigurations = (
				FF54F01219149A1900025DC8 /* Debug */,
				FF54F01319149A1900025DC8 /* Release */,
			);
			defaultConfigurationIsVisible = 0;
			defaultConfigurationName = Release;
		};
		FF54F01419149A1900025DC8 /* Build configuration list for PBXNativeTarget "GocciTests" */ = {
			isa = XCConfigurationList;
			buildConfigurations = (
				FF54F01519149A1900025DC8 /* Debug */,
				FF54F01619149A1900025DC8 /* Release */,
			);
			defaultConfigurationIsVisible = 0;
			defaultConfigurationName = Release;
		};
/* End XCConfigurationList section */
	};
	rootObject = FF54EFD719149A1800025DC8 /* Project object */;
}
